<?xml version="1.0" encoding="utf-8"?>
<Project ToolsVersion="4.0" xmlns="http://schemas.microsoft.com/developer/msbuild/2003">
  <ItemGroup>
    <ClInclude Include="Inc\Common.h">
      <Filter>Inc</Filter>
    </ClInclude>
    <ClInclude Include="Inc\Graphics.h">
      <Filter>Inc</Filter>
    </ClInclude>
    <ClInclude Include="Src\Precompiled.h">
      <Filter>Src</Filter>
    </ClInclude>
    <ClInclude Include="Inc\GraphicsSystem.h">
      <Filter>Inc</Filter>
    </ClInclude>
    <ClInclude Include="Inc\PixelShader.h">
      <Filter>Inc</Filter>
    </ClInclude>
    <ClInclude Include="Inc\VertexShader.h">
      <Filter>Inc</Filter>
    </ClInclude>
    <ClInclude Include="Inc\MeshBuffer.h">
      <Filter>Inc</Filter>
    </ClInclude>
    <ClInclude Include="Inc\Camera.h">
      <Filter>Inc</Filter>
    </ClInclude>
    <ClInclude Include="Inc\ConstantBuffer.h">
      <Filter>Inc</Filter>
    </ClInclude>
    <ClInclude Include="Inc\Mesh.h">
      <Filter>Inc</Filter>
    </ClInclude>
    <ClInclude Include="Inc\VertexTypes.h">
      <Filter>Inc</Filter>
    </ClInclude>
    <ClInclude Include="Inc\Texture.h">
      <Filter>Inc</Filter>
    </ClInclude>
    <ClInclude Include="Inc\Sampler.h">
      <Filter>Inc</Filter>
    </ClInclude>
    <ClInclude Include="Inc\SceneStuff\TransformNode.h">
      <Filter>Inc</Filter>
    </ClInclude>
    <ClInclude Include="Inc\SceneStuff\CameraNode.h">
      <Filter>Inc</Filter>
    </ClInclude>
    <ClInclude Include="Inc\GraphicsUtil.h">
      <Filter>Inc</Filter>
    </ClInclude>
    <ClInclude Include="Inc\HeightMap.h">
      <Filter>Inc</Filter>
    </ClInclude>
    <ClInclude Include="Inc\Light.h">
      <Filter>Inc</Filter>
    </ClInclude>
    <ClInclude Include="Inc\SceneStuff\LightNode.h">
      <Filter>Inc</Filter>
    </ClInclude>
    <ClInclude Include="Inc\Material.h">
      <Filter>Inc</Filter>
    </ClInclude>
    <ClInclude Include="Inc\SceneStuff\MaterialNode.h">
      <Filter>Inc</Filter>
    </ClInclude>
    <ClInclude Include="Inc\MatrixStack.h">
      <Filter>Inc</Filter>
    </ClInclude>
    <ClInclude Include="Inc\MeshBuilder.h">
      <Filter>Inc</Filter>
    </ClInclude>
    <ClInclude Include="Inc\SceneStuff\MeshNode.h">
      <Filter>Inc</Filter>
    </ClInclude>
    <ClInclude Include="Inc\Model.h">
      <Filter>Inc</Filter>
    </ClInclude>
    <ClInclude Include="Inc\SceneStuff\SamplerNode.h">
      <Filter>Inc</Filter>
    </ClInclude>
    <ClInclude Include="Inc\SceneStuff\SceneManager.h">
      <Filter>Inc</Filter>
    </ClInclude>
    <ClInclude Include="Inc\SceneStuff\SceneNode.h">
      <Filter>Inc</Filter>
    </ClInclude>
    <ClInclude Include="Inc\SceneStuff\ShaderNode.h">
      <Filter>Inc</Filter>
    </ClInclude>
    <ClInclude Include="Inc\ShaderStage.h">
      <Filter>Inc</Filter>
    </ClInclude>
    <ClInclude Include="Inc\SimpleDraw.h">
      <Filter>Inc</Filter>
    </ClInclude>
    <ClInclude Include="Inc\Terrain.h">
      <Filter>Inc</Filter>
    </ClInclude>
    <ClInclude Include="Inc\SceneStuff\TextureNode.h">
      <Filter>Inc</Filter>
    </ClInclude>
    <ClInclude Include="Inc\Transform.h">
      <Filter>Inc</Filter>
    </ClInclude>
    <ClInclude Include="Inc\Gui.h">
      <Filter>Inc</Filter>
    </ClInclude>
    <ClInclude Include="Inc\RasterizerState.h">
      <Filter>Inc</Filter>
    </ClInclude>
    <ClInclude Include="Inc\SceneStuff\RasterizerStateNode.h">
      <Filter>Inc</Filter>
    </ClInclude>
    <ClInclude Include="Inc\RenderTarget.h">
      <Filter>Inc</Filter>
    </ClInclude>
    <ClInclude Include="Inc\Types.h">
      <Filter>Inc</Filter>
    </ClInclude>
    <ClInclude Include="Inc\Animation.h">
      <Filter>Inc</Filter>
    </ClInclude>
    <ClInclude Include="Inc\AnimationBuilder.h">
      <Filter>Inc</Filter>
    </ClInclude>
    <ClInclude Include="Inc\SceneStuff\ConstantBufferNode.h">
      <Filter>Inc</Filter>
    </ClInclude>
    <ClInclude Include="Inc\DepthMap.h">
      <Filter>Inc</Filter>
    </ClInclude>
    <ClInclude Include="Inc\Keyframe.h">
      <Filter>Inc</Filter>
    </ClInclude>
    <ClInclude Include="Inc\SceneStuff\DepthMapNode.h">
      <Filter>Inc</Filter>
    </ClInclude>
    <ClInclude Include="Inc\SceneStuff\ModelNode.h">
      <Filter>Inc</Filter>
    </ClInclude>
    <ClInclude Include="Inc\SceneStuff\RenderTargetNode.h">
      <Filter>Inc</Filter>
    </ClInclude>
    <ClInclude Include="Inc\Bone.h">
      <Filter>Inc</Filter>
    </ClInclude>
    <ClInclude Include="Inc\SkinnedMesh.h">
      <Filter>Inc</Filter>
    </ClInclude>
    <ClInclude Include="Inc\SkinnedMeshBuilder.h">
      <Filter>Inc</Filter>
    </ClInclude>
    <ClInclude Include="Inc\AnimationClip.h">
      <Filter>Inc</Filter>
    </ClInclude>
    <ClInclude Include="Inc\AnimationController.h">
      <Filter>Inc</Filter>
    </ClInclude>
    <ClInclude Include="Inc\BoneAnimation.h">
      <Filter>Inc</Filter>
    </ClInclude>
    <ClInclude Include="Inc\MetaRegistration.h">
      <Filter>Inc\Meta</Filter>
    </ClInclude>
  </ItemGroup>
  <ItemGroup>
    <Filter Include="Inc">
      <UniqueIdentifier>{04c8d324-17c9-42f0-88f7-f7c273150a8e}</UniqueIdentifier>
    </Filter>
    <Filter Include="Src">
      <UniqueIdentifier>{43e5aae3-0f61-4ecf-bfa5-780b9373b469}</UniqueIdentifier>
    </Filter>
    <Filter Include="Inc\Meta">
      <UniqueIdentifier>{e469a3b8-3896-48d0-afbd-bd8527b6dae0}</UniqueIdentifier>
    </Filter>
    <Filter Include="Src\Meta">
      <UniqueIdentifier>{390746d8-17fd-4824-99fa-53027d001445}</UniqueIdentifier>
    </Filter>
  </ItemGroup>
  <ItemGroup>
    <ClCompile Include="Src\Precompiled.cpp">
      <Filter>Src</Filter>
    </ClCompile>
    <ClCompile Include="Src\GraphicsSystem.cpp">
      <Filter>Src</Filter>
    </ClCompile>
    <ClCompile Include="Src\PixelShader.cpp">
      <Filter>Src</Filter>
    </ClCompile>
    <ClCompile Include="Src\VertexShader.cpp">
      <Filter>Src</Filter>
    </ClCompile>
    <ClCompile Include="Src\MeshBuffer.cpp">
      <Filter>Src</Filter>
    </ClCompile>
    <ClCompile Include="Src\Camera.cpp">
      <Filter>Src</Filter>
    </ClCompile>
    <ClCompile Include="Src\ConstantBuffer.cpp">
      <Filter>Src</Filter>
    </ClCompile>
    <ClCompile Include="Src\Mesh.cpp">
      <Filter>Src</Filter>
    </ClCompile>
    <ClCompile Include="Src\Texture.cpp">
      <Filter>Src</Filter>
    </ClCompile>
    <ClCompile Include="Src\Sampler.cpp">
      <Filter>Src</Filter>
    </ClCompile>
    <ClCompile Include="Src\SceneStuff\CameraNode.cpp">
      <Filter>Src</Filter>
    </ClCompile>
    <ClCompile Include="Src\GraphicsUtil.cpp">
      <Filter>Src</Filter>
    </ClCompile>
    <ClCompile Include="Src\HeightMap.cpp">
      <Filter>Src</Filter>
    </ClCompile>
    <ClCompile Include="Src\SceneStuff\LightNode.cpp">
      <Filter>Src</Filter>
    </ClCompile>
    <ClCompile Include="Src\SceneStuff\MaterialNode.cpp">
      <Filter>Src</Filter>
    </ClCompile>
    <ClCompile Include="Src\MatrixStack.cpp">
      <Filter>Src</Filter>
    </ClCompile>
    <ClCompile Include="Src\MeshBuilder.cpp">
      <Filter>Src</Filter>
    </ClCompile>
    <ClCompile Include="Src\SceneStuff\MeshNode.cpp">
      <Filter>Src</Filter>
    </ClCompile>
    <ClCompile Include="Src\Model.cpp">
      <Filter>Src</Filter>
    </ClCompile>
    <ClCompile Include="Src\SceneStuff\SamplerNode.cpp">
      <Filter>Src</Filter>
    </ClCompile>
    <ClCompile Include="Src\SceneStuff\SceneManager.cpp">
      <Filter>Src</Filter>
    </ClCompile>
    <ClCompile Include="Src\SceneStuff\SceneNode.cpp">
      <Filter>Src</Filter>
    </ClCompile>
    <ClCompile Include="Src\SceneStuff\ShaderNode.cpp">
      <Filter>Src</Filter>
    </ClCompile>
    <ClCompile Include="Src\SimpleDraw.cpp">
      <Filter>Src</Filter>
    </ClCompile>
    <ClCompile Include="Src\SceneStuff\TextureNode.cpp">
      <Filter>Src</Filter>
    </ClCompile>
    <ClCompile Include="Src\Transform.cpp">
      <Filter>Src</Filter>
    </ClCompile>
    <ClCompile Include="Src\SceneStuff\TransformNode.cpp">
      <Filter>Src</Filter>
    </ClCompile>
    <ClCompile Include="Src\Terrain.cpp">
      <Filter>Src</Filter>
    </ClCompile>
    <ClCompile Include="Src\Gui.cpp">
      <Filter>Src</Filter>
    </ClCompile>
    <ClCompile Include="Src\RasterizerState.cpp">
      <Filter>Src</Filter>
    </ClCompile>
    <ClCompile Include="Src\SceneStuff\RasterizerStateNode.cpp">
      <Filter>Src</Filter>
    </ClCompile>
    <ClCompile Include="Src\RenderTarget.cpp">
      <Filter>Src</Filter>
    </ClCompile>
    <ClCompile Include="Src\SceneStuff\RenderTargetNode.cpp">
      <Filter>Src</Filter>
    </ClCompile>
    <ClCompile Include="Src\Animation.cpp">
      <Filter>Src</Filter>
    </ClCompile>
    <ClCompile Include="Src\AnimationBuilder.cpp">
      <Filter>Src</Filter>
    </ClCompile>
    <ClCompile Include="Src\DepthMap.cpp">
      <Filter>Src</Filter>
    </ClCompile>
    <ClCompile Include="Src\SceneStuff\DepthMapNode.cpp">
      <Filter>Src</Filter>
    </ClCompile>
    <ClCompile Include="Src\SceneStuff\ModelNode.cpp">
      <Filter>Src</Filter>
    </ClCompile>
    <ClCompile Include="Src\Bone.cpp">
      <Filter>Src</Filter>
    </ClCompile>
    <ClCompile Include="Src\SkinnedMesh.cpp">
      <Filter>Src</Filter>
    </ClCompile>
    <ClCompile Include="Src\SkinnedMeshBuilder.cpp">
      <Filter>Src</Filter>
    </ClCompile>
    <ClCompile Include="Src\SceneStuff\ConstantBufferNode.cpp">
      <Filter>Src</Filter>
    </ClCompile>
    <ClCompile Include="Src\AnimationClip.cpp">
      <Filter>Src</Filter>
    </ClCompile>
    <ClCompile Include="Src\AnimationController.cpp">
      <Filter>Src</Filter>
    </ClCompile>
    <ClCompile Include="Src\MetaRegistration.cpp">
      <Filter>Src\Meta</Filter>
    </ClCompile>
  </ItemGroup>
</Project>