
Microsoft Visual Studio Solution File, Format Version 12.00
# Visual Studio 15
VisualStudioVersion = 15.0.26430.6
MinimumVisualStudioVersion = 10.0.40219.1
Project("{8BC9CEB8-8B4A-11D0-8D11-00A0C91BC942}") = "Core", "Core\Core.vcxproj", "{F17F7FF1-3E83-4CF6-B66C-5320DC6481ED}"
EndProject
Project("{8BC9CEB8-8B4A-11D0-8D11-00A0C91BC942}") = "Math", "Math\Math.vcxproj", "{528A854A-8248-4766-8C67-84E888F5DAE3}"
EndProject
Project("{8BC9CEB8-8B4A-11D0-8D11-00A0C91BC942}") = "MathsTest", "MathsTest\MathsTest.vcxproj", "{22CA3AF4-6823-4435-8627-992AF2521482}"
EndProject
Project("{2150E333-8FDC-42A3-9474-1A3956D46DE8}") = "Framework", "Framework", "{AD2844D6-FF21-4F11-BE79-A3F6E6DA430B}"
EndProject
Project("{2150E333-8FDC-42A3-9474-1A3956D46DE8}") = "Tests", "Tests", "{189FD165-CF86-475A-9BAC-8ED20B108604}"
EndProject
Project("{2150E333-8FDC-42A3-9474-1A3956D46DE8}") = "VGP242", "VGP242", "{6400E91E-CEE6-43E7-8DCF-5FD02BB42768}"
EndProject
Project("{8BC9CEB8-8B4A-11D0-8D11-00A0C91BC942}") = "01_HelloEngine", "01_HelloEngine\01_HelloEngine.vcxproj", "{05527ABB-0207-4E72-9612-13BB5751815E}"
EndProject
Project("{8BC9CEB8-8B4A-11D0-8D11-00A0C91BC942}") = "Graphics", "Graphics\Graphics.vcxproj", "{A6E86703-63F7-4873-8A3D-49595E34DE37}"
EndProject
Project("{8BC9CEB8-8B4A-11D0-8D11-00A0C91BC942}") = "02_HelloTriangle", "02_HelloTriangle\02_HelloTriangle.vcxproj", "{009871CE-F187-4C93-9D4D-4ABDCC527B0A}"
EndProject
Project("{8BC9CEB8-8B4A-11D0-8D11-00A0C91BC942}") = "Input", "Input\Input.vcxproj", "{422B1DF4-F1A4-4C64-BCDB-3F1BAAAAA768}"
EndProject
Project("{8BC9CEB8-8B4A-11D0-8D11-00A0C91BC942}") = "03_HelloCube", "03_HelloCube\03_HelloCube.vcxproj", "{BEF1BE5E-2FF4-4D5F-A3FF-CE8309B56950}"
EndProject
Project("{8BC9CEB8-8B4A-11D0-8D11-00A0C91BC942}") = "04_HelloCamera", "04_HelloCamera\04_HelloCamera.vcxproj", "{FE5206AC-8EEE-4666-8E47-1D84C76AF5B4}"
EndProject
Project("{2150E333-8FDC-42A3-9474-1A3956D46DE8}") = "External", "External", "{3F76B569-17DF-4708-94DE-AFC68A362BB5}"
EndProject
Project("{8BC9CEB8-8B4A-11D0-8D11-00A0C91BC942}") = "DirectXTK_Desktop_2017", "External\DirectXTK\DirectXTK_Desktop_2017.vcxproj", "{E0B52AE7-E160-4D32-BF3F-910B785E5A8E}"
EndProject
Project("{8BC9CEB8-8B4A-11D0-8D11-00A0C91BC942}") = "05_HelloTexture", "05_HelloTexture\05_HelloTexture.vcxproj", "{130E9043-6471-4115-A847-DFFFF2EB5D2A}"
EndProject
Project("{8BC9CEB8-8B4A-11D0-8D11-00A0C91BC942}") = "06_HelloLighting", "06_HelloLighting\06_HelloLighting.vcxproj", "{37FE13AD-4E25-4B3C-B82A-DFB8E2F25139}"
EndProject
Project("{8BC9CEB8-8B4A-11D0-8D11-00A0C91BC942}") = "07_HelloTerrain", "07_HelloTerrain\07_HelloTerrain.vcxproj", "{097DD213-178E-48D9-AD31-26F855322285}"
EndProject
Project("{8BC9CEB8-8B4A-11D0-8D11-00A0C91BC942}") = "08_HelloSolarSystem", "08_HelloSolarSystem\08_HelloSolarSystem.vcxproj", "{A877D25A-73AB-4B84-ACA4-931A9B9DA709}"
EndProject
Project("{2150E333-8FDC-42A3-9474-1A3956D46DE8}") = "VGP330", "VGP330", "{9BCF5504-1428-4E6F-B67E-5ADE7151BC79}"
EndProject
Project("{8BC9CEB8-8B4A-11D0-8D11-00A0C91BC942}") = "09_HelloEarth", "09_HelloEarth\09_HelloEarth.vcxproj", "{FDFC7FCB-F1BA-4CC9-BA8C-74589AC617AD}"
EndProject
Project("{2150E333-8FDC-42A3-9474-1A3956D46DE8}") = "DebugProjects", "DebugProjects", "{EABAC8B5-3A4D-405A-A2BC-F0F4709952E3}"
EndProject
Project("{8BC9CEB8-8B4A-11D0-8D11-00A0C91BC942}") = "HelloSimpleDraw", "DebugProjects\HelloSimpleDraw\HelloSimpleDraw.vcxproj", "{09BC802E-DC86-4DE6-8EB1-8F4F91DDD71C}"
EndProject
Project("{8BC9CEB8-8B4A-11D0-8D11-00A0C91BC942}") = "HelloScene", "DebugProjects\HelloScene\HelloScene.vcxproj", "{D448D350-6995-4994-82E2-E7D267959851}"
EndProject
Project("{2150E333-8FDC-42A3-9474-1A3956D46DE8}") = "Tools", "Tools", "{E2AD3ECF-04E1-4E8F-8513-5B5975E01A72}"
EndProject
Project("{8BC9CEB8-8B4A-11D0-8D11-00A0C91BC942}") = "ModelImporter", "ModelImporter\ModelImporter.vcxproj", "{3BC6FC7E-38AD-4166-A011-5FA8870C81E5}"
EndProject
Project("{8BC9CEB8-8B4A-11D0-8D11-00A0C91BC942}") = "HelloModel", "DebugProjects\HelloModel\HelloModel.vcxproj", "{2CC6D160-13B7-4115-9290-7BF1E682A4CA}"
EndProject
Project("{8BC9CEB8-8B4A-11D0-8D11-00A0C91BC942}") = "ImGui", "External\ImGui\ImGui.vcxproj", "{2A54B8F8-11A9-4B5C-B1E9-7D91C3B415F2}"
EndProject
Project("{8BC9CEB8-8B4A-11D0-8D11-00A0C91BC942}") = "10_HelloPostProcessing", "10_HelloPostProcessing\10_HelloPostProcessing.vcxproj", "{F61A5254-AF47-4D95-8AF0-9AC2BFBBB8B2}"
EndProject
Project("{8BC9CEB8-8B4A-11D0-8D11-00A0C91BC942}") = "11_HelloShadowMapping", "11_HelloShadowMapping\11_HelloShadowMapping.vcxproj", "{14B4701B-11FC-480C-ACC0-C80D6928FC3D}"
EndProject
Project("{8BC9CEB8-8B4A-11D0-8D11-00A0C91BC942}") = "12_HelloGPUFinal", "12_HelloGPUFinal\12_HelloGPUFinal.vcxproj", "{4ABDDEE6-52B9-402B-941E-CF093DE12ED5}"
EndProject
Project("{8BC9CEB8-8B4A-11D0-8D11-00A0C91BC942}") = "HelloProperTextures", "DebugProjects\HelloProperTextures\HelloProperTextures.vcxproj", "{F85B1771-8AA8-46AB-B614-AD1F14F91FF7}"
EndProject
Project("{2150E333-8FDC-42A3-9474-1A3956D46DE8}") = "VGP332", "VGP332", "{0DDFC42F-DBEB-48BF-9DE9-DA346E87EC01}"
EndProject
Project("{8BC9CEB8-8B4A-11D0-8D11-00A0C91BC942}") = "01_HelloPathfinding", "VGP332\01_HelloPathfinding\01_HelloPathfinding.vcxproj", "{16E887AE-CF14-4C03-96E6-915F69DC822E}"
EndProject
Project("{2150E333-8FDC-42A3-9474-1A3956D46DE8}") = "VGP334", "VGP334", "{C91F4C59-77D0-48BD-9DD7-8DDE6C49A797}"
EndProject
Project("{8BC9CEB8-8B4A-11D0-8D11-00A0C91BC942}") = "HelloTRex", "DebugProjects\HelloTRex\HelloTRex.vcxproj", "{AD7281FD-CCCA-429E-B4DE-CA5570115694}"
EndProject
Project("{8BC9CEB8-8B4A-11D0-8D11-00A0C91BC942}") = "QuaternionsTest", "VGP334\QuaternionsTest\QuaternionsTest.vcxproj", "{D028EB6C-364F-4112-B2CA-BFCA7A00B0AC}"
EndProject
Project("{8BC9CEB8-8B4A-11D0-8D11-00A0C91BC942}") = "AI", "AI\AI.vcxproj", "{EEE9ACDE-A0EE-4F3A-832C-4C6929AAE017}"
EndProject
Project("{8BC9CEB8-8B4A-11D0-8D11-00A0C91BC942}") = "HelloAnimation", "VGP334\HelloAnimation\HelloAnimation.vcxproj", "{C80088AD-9D41-450E-ADC6-645946CFEEB0}"
EndProject
Project("{8BC9CEB8-8B4A-11D0-8D11-00A0C91BC942}") = "HelloRobotArm", "VGP334\HelloRobotArm\HelloRobotArm.vcxproj", "{489A29A8-EBB0-4053-B50E-A16499E41137}"
EndProject
Project("{8BC9CEB8-8B4A-11D0-8D11-00A0C91BC942}") = "HelloTentacle", "VGP334\HelloTentacle\HelloTentacle.vcxproj", "{82118039-7A6B-465B-B249-AF3A8E51286A}"
EndProject
Project("{8BC9CEB8-8B4A-11D0-8D11-00A0C91BC942}") = "02_HelloFSM", "VGP332\02_HelloFSM\02_HelloFSM.vcxproj", "{A587458B-8483-40B2-BAFB-B80C7032690F}"
EndProject
Project("{8BC9CEB8-8B4A-11D0-8D11-00A0C91BC942}") = "HelloRiggedModel", "VGP334\HelloRiggedModel\HelloRiggedModel.vcxproj", "{0C76AB39-052D-48E8-BCFE-C208EF749CDC}"
EndProject
Project("{8BC9CEB8-8B4A-11D0-8D11-00A0C91BC942}") = "03_HelloSteering", "VGP332\03_HelloSteering\03_HelloSteering.vcxproj", "{188C19E4-26F1-4689-AE90-C533899A038C}"
EndProject
Project("{8BC9CEB8-8B4A-11D0-8D11-00A0C91BC942}") = "HelloDancing", "VGP334\HelloDancing\HelloDancing.vcxproj", "{01C9054B-26EC-4A62-BB7D-7C15195982B7}"
EndProject
Project("{8BC9CEB8-8B4A-11D0-8D11-00A0C91BC942}") = "Physics", "Physics\Physics.vcxproj", "{CEE51978-C9AA-4261-9C56-757621C9A52B}"
EndProject
Project("{8BC9CEB8-8B4A-11D0-8D11-00A0C91BC942}") = "HelloPhysics", "VGP334\HelloPhysics\HelloPhysics.vcxproj", "{D8B22F51-BD8E-430E-9F33-72BBB48195B9}"
EndProject
Project("{8BC9CEB8-8B4A-11D0-8D11-00A0C91BC942}") = "DirectXTKAudio_Desktop_2017_Win8", "External\DirectXTK\Audio\DirectXTKAudio_Desktop_2017_Win8.vcxproj", "{4F150A30-CECB-49D1-8283-6A3F57438CF5}"
EndProject
Project("{8BC9CEB8-8B4A-11D0-8D11-00A0C91BC942}") = "HelloAudio", "DebugProjects\HelloAudio\HelloAudio.vcxproj", "{AA6BEFCA-D829-47CC-B9B7-9658F369472B}"
EndProject
Project("{8BC9CEB8-8B4A-11D0-8D11-00A0C91BC942}") = "04_HelloGroupBehaviours", "VGP332\04_HelloGroupBehaviours\04_HelloGroupBehaviours.vcxproj", "{4AFD0847-DBE2-41BD-A863-86175C6DE96A}"
EndProject
Project("{8BC9CEB8-8B4A-11D0-8D11-00A0C91BC942}") = "HelloFABRIK", "VGP334\HelloFABRIK\HelloFABRIK.vcxproj", "{A4003705-5B48-45FA-B05E-A9CDC5E38841}"
EndProject
Project("{8BC9CEB8-8B4A-11D0-8D11-00A0C91BC942}") = "06_HelloAIFinal", "VGP332\06_HelloAIFinal\06_HelloAIFinal.vcxproj", "{28C5A7F2-22F5-4F9B-ACE8-4E43D4BB4462}"
EndProject
Project("{FAE04EC0-301F-11D3-BF4B-00C04F79EFBC}") = "ModelConverterGUI", "ModelImporterGUI\ModelConverterGUI.csproj", "{8509FCAC-98B6-491E-880E-F85C4587B157}"
EndProject
Project("{2150E333-8FDC-42A3-9474-1A3956D46DE8}") = "VGP331", "VGP331", "{7767EE86-E57A-4C79-A2BA-C8D94EA0C189}"
EndProject
Project("{8BC9CEB8-8B4A-11D0-8D11-00A0C91BC942}") = "EchoServer", "VGP331\EchoServer\EchoServer.vcxproj", "{F91040BD-42D3-4503-8188-533C69C51E82}"
EndProject
Project("{8BC9CEB8-8B4A-11D0-8D11-00A0C91BC942}") = "EchoClient", "VGP331\EchoClient\EchoClient.vcxproj", "{A6D31601-EA56-4104-B95E-549E0A178C53}"
EndProject
Project("{8BC9CEB8-8B4A-11D0-8D11-00A0C91BC942}") = "Network", "Network\Network.vcxproj", "{251F4762-0099-4BD4-A48E-E084BD9AE516}"
EndProject
Project("{2150E333-8FDC-42A3-9474-1A3956D46DE8}") = "VGP336", "VGP336", "{A1FBDA09-C8F6-4888-9D55-10142CF0FDFA}"
EndProject
Project("{8BC9CEB8-8B4A-11D0-8D11-00A0C91BC942}") = "BlockAllocatorTest", "VGP336\BlockAllocatorTest\BlockAllocatorTest.vcxproj", "{CCD35A20-D5FD-4CCC-A325-0343439C2E89}"
EndProject
Project("{8BC9CEB8-8B4A-11D0-8D11-00A0C91BC942}") = "TypedAllocatorTest", "VGP336\TypedAllocatorTest\TypedAllocatorTest.vcxproj", "{C16828C4-606D-4A6E-9354-EF16EF868F68}"
EndProject
Project("{2150E333-8FDC-42A3-9474-1A3956D46DE8}") = "Engine", "Engine", "{43A5B8A3-424F-4FE3-B5B7-F65416570030}"
EndProject
Project("{8BC9CEB8-8B4A-11D0-8D11-00A0C91BC942}") = "Engine", "Engine\Engine.vcxproj", "{CF805932-9B67-47C2-85B8-AAFC49112892}"
EndProject
Project("{8BC9CEB8-8B4A-11D0-8D11-00A0C91BC942}") = "Game", "VGP336\Game\Game.vcxproj", "{8FD85603-91CC-49C5-AD1F-87E986327F5A}"
EndProject
Project("{8BC9CEB8-8B4A-11D0-8D11-00A0C91BC942}") = "FunWithThreads", "VGP331\FunWithThreads\FunWithThreads.vcxproj", "{71D2EEF9-E771-4DBF-81E5-ADF091628EB2}"
EndProject
Project("{8BC9CEB8-8B4A-11D0-8D11-00A0C91BC942}") = "HelloSprint", "VGP331\HelloSprint\HelloSprint.vcxproj", "{58792DE7-85B3-4086-9235-11F1DF0FE440}"
EndProject
Project("{8BC9CEB8-8B4A-11D0-8D11-00A0C91BC942}") = "RapidXML", "External\rapidxml-1.13\RapidXML\RapidXML.vcxproj", "{02DEEFE6-159C-4581-AD9C-4C1874EB0C7C}"
EndProject
Project("{8BC9CEB8-8B4A-11D0-8D11-00A0C91BC942}") = "GameObjectUsage", "VGP336\GameObjectUsage\GameObjectUsage.vcxproj", "{77033FFC-D079-4BC6-93CC-39121EF9F4BA}"
EndProject
Project("{8BC9CEB8-8B4A-11D0-8D11-00A0C91BC942}") = "MetaGame", "VGP336\MetaGame\MetaGame.vcxproj", "{B9B2A111-5340-4E19-A5A9-F88A348F5CEA}"
EndProject
Project("{8BC9CEB8-8B4A-11D0-8D11-00A0C91BC942}") = "GameplayFinal", "VGP336\GameplayFinal\GameplayFinal.vcxproj", "{E0C06938-7F39-42EA-9219-BCC843C7DE03}"
EndProject
Project("{8BC9CEB8-8B4A-11D0-8D11-00A0C91BC942}") = "HelloMusicalDancing", "HelloMusicalDancing\HelloMusicalDancing.vcxproj", "{C4DDAD51-31F0-4D7C-AA8A-A3929BFB2DE5}"
EndProject
Project("{8BC9CEB8-8B4A-11D0-8D11-00A0C91BC942}") = "Audio", "Audio\Audio.vcxproj", "{25A7AAED-267D-476A-B9D0-5BF09B987485}"
EndProject
Global
	GlobalSection(SolutionConfigurationPlatforms) = preSolution
		Debug|Any CPU = Debug|Any CPU
		Debug|x64 = Debug|x64
		Debug|x86 = Debug|x86
		Release|Any CPU = Release|Any CPU
		Release|x64 = Release|x64
		Release|x86 = Release|x86
	EndGlobalSection
	GlobalSection(ProjectConfigurationPlatforms) = postSolution
		{F17F7FF1-3E83-4CF6-B66C-5320DC6481ED}.Debug|Any CPU.ActiveCfg = Debug|Win32
		{F17F7FF1-3E83-4CF6-B66C-5320DC6481ED}.Debug|x64.ActiveCfg = Debug|x64
		{F17F7FF1-3E83-4CF6-B66C-5320DC6481ED}.Debug|x64.Build.0 = Debug|x64
		{F17F7FF1-3E83-4CF6-B66C-5320DC6481ED}.Debug|x86.ActiveCfg = Debug|Win32
		{F17F7FF1-3E83-4CF6-B66C-5320DC6481ED}.Debug|x86.Build.0 = Debug|Win32
		{F17F7FF1-3E83-4CF6-B66C-5320DC6481ED}.Release|Any CPU.ActiveCfg = Release|Win32
		{F17F7FF1-3E83-4CF6-B66C-5320DC6481ED}.Release|x64.ActiveCfg = Release|x64
		{F17F7FF1-3E83-4CF6-B66C-5320DC6481ED}.Release|x64.Build.0 = Release|x64
		{F17F7FF1-3E83-4CF6-B66C-5320DC6481ED}.Release|x86.ActiveCfg = Release|Win32
		{F17F7FF1-3E83-4CF6-B66C-5320DC6481ED}.Release|x86.Build.0 = Release|Win32
		{528A854A-8248-4766-8C67-84E888F5DAE3}.Debug|Any CPU.ActiveCfg = Debug|Win32
		{528A854A-8248-4766-8C67-84E888F5DAE3}.Debug|x64.ActiveCfg = Debug|x64
		{528A854A-8248-4766-8C67-84E888F5DAE3}.Debug|x64.Build.0 = Debug|x64
		{528A854A-8248-4766-8C67-84E888F5DAE3}.Debug|x86.ActiveCfg = Debug|Win32
		{528A854A-8248-4766-8C67-84E888F5DAE3}.Debug|x86.Build.0 = Debug|Win32
		{528A854A-8248-4766-8C67-84E888F5DAE3}.Release|Any CPU.ActiveCfg = Release|Win32
		{528A854A-8248-4766-8C67-84E888F5DAE3}.Release|x64.ActiveCfg = Release|x64
		{528A854A-8248-4766-8C67-84E888F5DAE3}.Release|x64.Build.0 = Release|x64
		{528A854A-8248-4766-8C67-84E888F5DAE3}.Release|x86.ActiveCfg = Release|Win32
		{528A854A-8248-4766-8C67-84E888F5DAE3}.Release|x86.Build.0 = Release|Win32
		{22CA3AF4-6823-4435-8627-992AF2521482}.Debug|Any CPU.ActiveCfg = Debug|Win32
		{22CA3AF4-6823-4435-8627-992AF2521482}.Debug|x64.ActiveCfg = Debug|x64
		{22CA3AF4-6823-4435-8627-992AF2521482}.Debug|x64.Build.0 = Debug|x64
		{22CA3AF4-6823-4435-8627-992AF2521482}.Debug|x86.ActiveCfg = Debug|Win32
		{22CA3AF4-6823-4435-8627-992AF2521482}.Debug|x86.Build.0 = Debug|Win32
		{22CA3AF4-6823-4435-8627-992AF2521482}.Release|Any CPU.ActiveCfg = Release|Win32
		{22CA3AF4-6823-4435-8627-992AF2521482}.Release|x64.ActiveCfg = Release|x64
		{22CA3AF4-6823-4435-8627-992AF2521482}.Release|x64.Build.0 = Release|x64
		{22CA3AF4-6823-4435-8627-992AF2521482}.Release|x86.ActiveCfg = Release|Win32
		{22CA3AF4-6823-4435-8627-992AF2521482}.Release|x86.Build.0 = Release|Win32
		{05527ABB-0207-4E72-9612-13BB5751815E}.Debug|Any CPU.ActiveCfg = Debug|Win32
		{05527ABB-0207-4E72-9612-13BB5751815E}.Debug|x64.ActiveCfg = Debug|x64
		{05527ABB-0207-4E72-9612-13BB5751815E}.Debug|x64.Build.0 = Debug|x64
		{05527ABB-0207-4E72-9612-13BB5751815E}.Debug|x86.ActiveCfg = Debug|Win32
		{05527ABB-0207-4E72-9612-13BB5751815E}.Debug|x86.Build.0 = Debug|Win32
		{05527ABB-0207-4E72-9612-13BB5751815E}.Release|Any CPU.ActiveCfg = Release|Win32
		{05527ABB-0207-4E72-9612-13BB5751815E}.Release|x64.ActiveCfg = Release|x64
		{05527ABB-0207-4E72-9612-13BB5751815E}.Release|x64.Build.0 = Release|x64
		{05527ABB-0207-4E72-9612-13BB5751815E}.Release|x86.ActiveCfg = Release|Win32
		{05527ABB-0207-4E72-9612-13BB5751815E}.Release|x86.Build.0 = Release|Win32
		{A6E86703-63F7-4873-8A3D-49595E34DE37}.Debug|Any CPU.ActiveCfg = Debug|Win32
		{A6E86703-63F7-4873-8A3D-49595E34DE37}.Debug|x64.ActiveCfg = Debug|x64
		{A6E86703-63F7-4873-8A3D-49595E34DE37}.Debug|x64.Build.0 = Debug|x64
		{A6E86703-63F7-4873-8A3D-49595E34DE37}.Debug|x86.ActiveCfg = Debug|Win32
		{A6E86703-63F7-4873-8A3D-49595E34DE37}.Debug|x86.Build.0 = Debug|Win32
		{A6E86703-63F7-4873-8A3D-49595E34DE37}.Release|Any CPU.ActiveCfg = Release|Win32
		{A6E86703-63F7-4873-8A3D-49595E34DE37}.Release|x64.ActiveCfg = Release|x64
		{A6E86703-63F7-4873-8A3D-49595E34DE37}.Release|x64.Build.0 = Release|x64
		{A6E86703-63F7-4873-8A3D-49595E34DE37}.Release|x86.ActiveCfg = Release|Win32
		{A6E86703-63F7-4873-8A3D-49595E34DE37}.Release|x86.Build.0 = Release|Win32
		{009871CE-F187-4C93-9D4D-4ABDCC527B0A}.Debug|Any CPU.ActiveCfg = Debug|Win32
		{009871CE-F187-4C93-9D4D-4ABDCC527B0A}.Debug|x64.ActiveCfg = Debug|x64
		{009871CE-F187-4C93-9D4D-4ABDCC527B0A}.Debug|x64.Build.0 = Debug|x64
		{009871CE-F187-4C93-9D4D-4ABDCC527B0A}.Debug|x86.ActiveCfg = Debug|Win32
		{009871CE-F187-4C93-9D4D-4ABDCC527B0A}.Debug|x86.Build.0 = Debug|Win32
		{009871CE-F187-4C93-9D4D-4ABDCC527B0A}.Release|Any CPU.ActiveCfg = Release|Win32
		{009871CE-F187-4C93-9D4D-4ABDCC527B0A}.Release|x64.ActiveCfg = Release|x64
		{009871CE-F187-4C93-9D4D-4ABDCC527B0A}.Release|x64.Build.0 = Release|x64
		{009871CE-F187-4C93-9D4D-4ABDCC527B0A}.Release|x86.ActiveCfg = Release|Win32
		{009871CE-F187-4C93-9D4D-4ABDCC527B0A}.Release|x86.Build.0 = Release|Win32
		{422B1DF4-F1A4-4C64-BCDB-3F1BAAAAA768}.Debug|Any CPU.ActiveCfg = Debug|Win32
		{422B1DF4-F1A4-4C64-BCDB-3F1BAAAAA768}.Debug|x64.ActiveCfg = Debug|x64
		{422B1DF4-F1A4-4C64-BCDB-3F1BAAAAA768}.Debug|x64.Build.0 = Debug|x64
		{422B1DF4-F1A4-4C64-BCDB-3F1BAAAAA768}.Debug|x86.ActiveCfg = Debug|Win32
		{422B1DF4-F1A4-4C64-BCDB-3F1BAAAAA768}.Debug|x86.Build.0 = Debug|Win32
		{422B1DF4-F1A4-4C64-BCDB-3F1BAAAAA768}.Release|Any CPU.ActiveCfg = Release|Win32
		{422B1DF4-F1A4-4C64-BCDB-3F1BAAAAA768}.Release|x64.ActiveCfg = Release|Win32
		{422B1DF4-F1A4-4C64-BCDB-3F1BAAAAA768}.Release|x86.ActiveCfg = Release|Win32
		{422B1DF4-F1A4-4C64-BCDB-3F1BAAAAA768}.Release|x86.Build.0 = Release|Win32
		{BEF1BE5E-2FF4-4D5F-A3FF-CE8309B56950}.Debug|Any CPU.ActiveCfg = Debug|Win32
		{BEF1BE5E-2FF4-4D5F-A3FF-CE8309B56950}.Debug|x64.ActiveCfg = Debug|x64
		{BEF1BE5E-2FF4-4D5F-A3FF-CE8309B56950}.Debug|x64.Build.0 = Debug|x64
		{BEF1BE5E-2FF4-4D5F-A3FF-CE8309B56950}.Debug|x86.ActiveCfg = Debug|Win32
		{BEF1BE5E-2FF4-4D5F-A3FF-CE8309B56950}.Debug|x86.Build.0 = Debug|Win32
		{BEF1BE5E-2FF4-4D5F-A3FF-CE8309B56950}.Release|Any CPU.ActiveCfg = Release|Win32
		{BEF1BE5E-2FF4-4D5F-A3FF-CE8309B56950}.Release|x64.ActiveCfg = Release|x64
		{BEF1BE5E-2FF4-4D5F-A3FF-CE8309B56950}.Release|x64.Build.0 = Release|x64
		{BEF1BE5E-2FF4-4D5F-A3FF-CE8309B56950}.Release|x86.ActiveCfg = Release|Win32
		{BEF1BE5E-2FF4-4D5F-A3FF-CE8309B56950}.Release|x86.Build.0 = Release|Win32
		{FE5206AC-8EEE-4666-8E47-1D84C76AF5B4}.Debug|Any CPU.ActiveCfg = Debug|Win32
		{FE5206AC-8EEE-4666-8E47-1D84C76AF5B4}.Debug|x64.ActiveCfg = Debug|x64
		{FE5206AC-8EEE-4666-8E47-1D84C76AF5B4}.Debug|x64.Build.0 = Debug|x64
		{FE5206AC-8EEE-4666-8E47-1D84C76AF5B4}.Debug|x86.ActiveCfg = Debug|Win32
		{FE5206AC-8EEE-4666-8E47-1D84C76AF5B4}.Debug|x86.Build.0 = Debug|Win32
		{FE5206AC-8EEE-4666-8E47-1D84C76AF5B4}.Release|Any CPU.ActiveCfg = Release|Win32
		{FE5206AC-8EEE-4666-8E47-1D84C76AF5B4}.Release|x64.ActiveCfg = Release|x64
		{FE5206AC-8EEE-4666-8E47-1D84C76AF5B4}.Release|x64.Build.0 = Release|x64
		{FE5206AC-8EEE-4666-8E47-1D84C76AF5B4}.Release|x86.ActiveCfg = Release|Win32
		{FE5206AC-8EEE-4666-8E47-1D84C76AF5B4}.Release|x86.Build.0 = Release|Win32
		{E0B52AE7-E160-4D32-BF3F-910B785E5A8E}.Debug|Any CPU.ActiveCfg = Debug|Win32
		{E0B52AE7-E160-4D32-BF3F-910B785E5A8E}.Debug|x64.ActiveCfg = Debug|x64
		{E0B52AE7-E160-4D32-BF3F-910B785E5A8E}.Debug|x64.Build.0 = Debug|x64
		{E0B52AE7-E160-4D32-BF3F-910B785E5A8E}.Debug|x86.ActiveCfg = Debug|Win32
		{E0B52AE7-E160-4D32-BF3F-910B785E5A8E}.Debug|x86.Build.0 = Debug|Win32
		{E0B52AE7-E160-4D32-BF3F-910B785E5A8E}.Release|Any CPU.ActiveCfg = Release|Win32
		{E0B52AE7-E160-4D32-BF3F-910B785E5A8E}.Release|x64.ActiveCfg = Release|x64
		{E0B52AE7-E160-4D32-BF3F-910B785E5A8E}.Release|x64.Build.0 = Release|x64
		{E0B52AE7-E160-4D32-BF3F-910B785E5A8E}.Release|x86.ActiveCfg = Release|Win32
		{E0B52AE7-E160-4D32-BF3F-910B785E5A8E}.Release|x86.Build.0 = Release|Win32
		{130E9043-6471-4115-A847-DFFFF2EB5D2A}.Debug|Any CPU.ActiveCfg = Debug|Win32
		{130E9043-6471-4115-A847-DFFFF2EB5D2A}.Debug|x64.ActiveCfg = Debug|x64
		{130E9043-6471-4115-A847-DFFFF2EB5D2A}.Debug|x64.Build.0 = Debug|x64
		{130E9043-6471-4115-A847-DFFFF2EB5D2A}.Debug|x86.ActiveCfg = Debug|Win32
		{130E9043-6471-4115-A847-DFFFF2EB5D2A}.Debug|x86.Build.0 = Debug|Win32
		{130E9043-6471-4115-A847-DFFFF2EB5D2A}.Release|Any CPU.ActiveCfg = Release|Win32
		{130E9043-6471-4115-A847-DFFFF2EB5D2A}.Release|x64.ActiveCfg = Release|x64
		{130E9043-6471-4115-A847-DFFFF2EB5D2A}.Release|x64.Build.0 = Release|x64
		{130E9043-6471-4115-A847-DFFFF2EB5D2A}.Release|x86.ActiveCfg = Release|Win32
		{130E9043-6471-4115-A847-DFFFF2EB5D2A}.Release|x86.Build.0 = Release|Win32
		{37FE13AD-4E25-4B3C-B82A-DFB8E2F25139}.Debug|Any CPU.ActiveCfg = Debug|Win32
		{37FE13AD-4E25-4B3C-B82A-DFB8E2F25139}.Debug|x64.ActiveCfg = Debug|x64
		{37FE13AD-4E25-4B3C-B82A-DFB8E2F25139}.Debug|x64.Build.0 = Debug|x64
		{37FE13AD-4E25-4B3C-B82A-DFB8E2F25139}.Debug|x86.ActiveCfg = Debug|Win32
		{37FE13AD-4E25-4B3C-B82A-DFB8E2F25139}.Debug|x86.Build.0 = Debug|Win32
		{37FE13AD-4E25-4B3C-B82A-DFB8E2F25139}.Release|Any CPU.ActiveCfg = Release|Win32
		{37FE13AD-4E25-4B3C-B82A-DFB8E2F25139}.Release|x64.ActiveCfg = Release|x64
		{37FE13AD-4E25-4B3C-B82A-DFB8E2F25139}.Release|x64.Build.0 = Release|x64
		{37FE13AD-4E25-4B3C-B82A-DFB8E2F25139}.Release|x86.ActiveCfg = Release|Win32
		{37FE13AD-4E25-4B3C-B82A-DFB8E2F25139}.Release|x86.Build.0 = Release|Win32
		{097DD213-178E-48D9-AD31-26F855322285}.Debug|Any CPU.ActiveCfg = Debug|Win32
		{097DD213-178E-48D9-AD31-26F855322285}.Debug|x64.ActiveCfg = Debug|x64
		{097DD213-178E-48D9-AD31-26F855322285}.Debug|x64.Build.0 = Debug|x64
		{097DD213-178E-48D9-AD31-26F855322285}.Debug|x86.ActiveCfg = Debug|Win32
		{097DD213-178E-48D9-AD31-26F855322285}.Debug|x86.Build.0 = Debug|Win32
		{097DD213-178E-48D9-AD31-26F855322285}.Release|Any CPU.ActiveCfg = Release|Win32
		{097DD213-178E-48D9-AD31-26F855322285}.Release|x64.ActiveCfg = Release|x64
		{097DD213-178E-48D9-AD31-26F855322285}.Release|x64.Build.0 = Release|x64
		{097DD213-178E-48D9-AD31-26F855322285}.Release|x86.ActiveCfg = Release|Win32
		{097DD213-178E-48D9-AD31-26F855322285}.Release|x86.Build.0 = Release|Win32
		{A877D25A-73AB-4B84-ACA4-931A9B9DA709}.Debug|Any CPU.ActiveCfg = Debug|Win32
		{A877D25A-73AB-4B84-ACA4-931A9B9DA709}.Debug|x64.ActiveCfg = Debug|x64
		{A877D25A-73AB-4B84-ACA4-931A9B9DA709}.Debug|x64.Build.0 = Debug|x64
		{A877D25A-73AB-4B84-ACA4-931A9B9DA709}.Debug|x86.ActiveCfg = Debug|Win32
		{A877D25A-73AB-4B84-ACA4-931A9B9DA709}.Debug|x86.Build.0 = Debug|Win32
		{A877D25A-73AB-4B84-ACA4-931A9B9DA709}.Release|Any CPU.ActiveCfg = Release|Win32
		{A877D25A-73AB-4B84-ACA4-931A9B9DA709}.Release|x64.ActiveCfg = Release|x64
		{A877D25A-73AB-4B84-ACA4-931A9B9DA709}.Release|x64.Build.0 = Release|x64
		{A877D25A-73AB-4B84-ACA4-931A9B9DA709}.Release|x86.ActiveCfg = Release|Win32
		{A877D25A-73AB-4B84-ACA4-931A9B9DA709}.Release|x86.Build.0 = Release|Win32
		{FDFC7FCB-F1BA-4CC9-BA8C-74589AC617AD}.Debug|Any CPU.ActiveCfg = Debug|Win32
		{FDFC7FCB-F1BA-4CC9-BA8C-74589AC617AD}.Debug|x64.ActiveCfg = Debug|x64
		{FDFC7FCB-F1BA-4CC9-BA8C-74589AC617AD}.Debug|x64.Build.0 = Debug|x64
		{FDFC7FCB-F1BA-4CC9-BA8C-74589AC617AD}.Debug|x86.ActiveCfg = Debug|Win32
		{FDFC7FCB-F1BA-4CC9-BA8C-74589AC617AD}.Debug|x86.Build.0 = Debug|Win32
		{FDFC7FCB-F1BA-4CC9-BA8C-74589AC617AD}.Release|Any CPU.ActiveCfg = Release|Win32
		{FDFC7FCB-F1BA-4CC9-BA8C-74589AC617AD}.Release|x64.ActiveCfg = Release|x64
		{FDFC7FCB-F1BA-4CC9-BA8C-74589AC617AD}.Release|x64.Build.0 = Release|x64
		{FDFC7FCB-F1BA-4CC9-BA8C-74589AC617AD}.Release|x86.ActiveCfg = Release|Win32
		{FDFC7FCB-F1BA-4CC9-BA8C-74589AC617AD}.Release|x86.Build.0 = Release|Win32
		{09BC802E-DC86-4DE6-8EB1-8F4F91DDD71C}.Debug|Any CPU.ActiveCfg = Debug|Win32
		{09BC802E-DC86-4DE6-8EB1-8F4F91DDD71C}.Debug|x64.ActiveCfg = Debug|x64
		{09BC802E-DC86-4DE6-8EB1-8F4F91DDD71C}.Debug|x64.Build.0 = Debug|x64
		{09BC802E-DC86-4DE6-8EB1-8F4F91DDD71C}.Debug|x86.ActiveCfg = Debug|Win32
		{09BC802E-DC86-4DE6-8EB1-8F4F91DDD71C}.Debug|x86.Build.0 = Debug|Win32
		{09BC802E-DC86-4DE6-8EB1-8F4F91DDD71C}.Release|Any CPU.ActiveCfg = Release|Win32
		{09BC802E-DC86-4DE6-8EB1-8F4F91DDD71C}.Release|x64.ActiveCfg = Release|x64
		{09BC802E-DC86-4DE6-8EB1-8F4F91DDD71C}.Release|x64.Build.0 = Release|x64
		{09BC802E-DC86-4DE6-8EB1-8F4F91DDD71C}.Release|x86.ActiveCfg = Release|Win32
		{09BC802E-DC86-4DE6-8EB1-8F4F91DDD71C}.Release|x86.Build.0 = Release|Win32
		{D448D350-6995-4994-82E2-E7D267959851}.Debug|Any CPU.ActiveCfg = Debug|Win32
		{D448D350-6995-4994-82E2-E7D267959851}.Debug|x64.ActiveCfg = Debug|x64
		{D448D350-6995-4994-82E2-E7D267959851}.Debug|x64.Build.0 = Debug|x64
		{D448D350-6995-4994-82E2-E7D267959851}.Debug|x86.ActiveCfg = Debug|Win32
		{D448D350-6995-4994-82E2-E7D267959851}.Debug|x86.Build.0 = Debug|Win32
		{D448D350-6995-4994-82E2-E7D267959851}.Release|Any CPU.ActiveCfg = Release|Win32
		{D448D350-6995-4994-82E2-E7D267959851}.Release|x64.ActiveCfg = Release|x64
		{D448D350-6995-4994-82E2-E7D267959851}.Release|x64.Build.0 = Release|x64
		{D448D350-6995-4994-82E2-E7D267959851}.Release|x86.ActiveCfg = Release|Win32
		{D448D350-6995-4994-82E2-E7D267959851}.Release|x86.Build.0 = Release|Win32
		{3BC6FC7E-38AD-4166-A011-5FA8870C81E5}.Debug|Any CPU.ActiveCfg = Debug|Win32
		{3BC6FC7E-38AD-4166-A011-5FA8870C81E5}.Debug|x64.ActiveCfg = Debug|Win32
		{3BC6FC7E-38AD-4166-A011-5FA8870C81E5}.Debug|x64.Build.0 = Debug|Win32
		{3BC6FC7E-38AD-4166-A011-5FA8870C81E5}.Debug|x86.ActiveCfg = Debug|Win32
		{3BC6FC7E-38AD-4166-A011-5FA8870C81E5}.Debug|x86.Build.0 = Debug|Win32
		{3BC6FC7E-38AD-4166-A011-5FA8870C81E5}.Release|Any CPU.ActiveCfg = Release|Win32
		{3BC6FC7E-38AD-4166-A011-5FA8870C81E5}.Release|x64.ActiveCfg = Release|x64
		{3BC6FC7E-38AD-4166-A011-5FA8870C81E5}.Release|x64.Build.0 = Release|x64
		{3BC6FC7E-38AD-4166-A011-5FA8870C81E5}.Release|x86.ActiveCfg = Release|Win32
		{3BC6FC7E-38AD-4166-A011-5FA8870C81E5}.Release|x86.Build.0 = Release|Win32
		{2CC6D160-13B7-4115-9290-7BF1E682A4CA}.Debug|Any CPU.ActiveCfg = Debug|Win32
		{2CC6D160-13B7-4115-9290-7BF1E682A4CA}.Debug|x64.ActiveCfg = Debug|x64
		{2CC6D160-13B7-4115-9290-7BF1E682A4CA}.Debug|x64.Build.0 = Debug|x64
		{2CC6D160-13B7-4115-9290-7BF1E682A4CA}.Debug|x86.ActiveCfg = Debug|Win32
		{2CC6D160-13B7-4115-9290-7BF1E682A4CA}.Debug|x86.Build.0 = Debug|Win32
		{2CC6D160-13B7-4115-9290-7BF1E682A4CA}.Release|Any CPU.ActiveCfg = Release|Win32
		{2CC6D160-13B7-4115-9290-7BF1E682A4CA}.Release|x64.ActiveCfg = Release|x64
		{2CC6D160-13B7-4115-9290-7BF1E682A4CA}.Release|x64.Build.0 = Release|x64
		{2CC6D160-13B7-4115-9290-7BF1E682A4CA}.Release|x86.ActiveCfg = Release|Win32
		{2CC6D160-13B7-4115-9290-7BF1E682A4CA}.Release|x86.Build.0 = Release|Win32
		{2A54B8F8-11A9-4B5C-B1E9-7D91C3B415F2}.Debug|Any CPU.ActiveCfg = Debug|Win32
		{2A54B8F8-11A9-4B5C-B1E9-7D91C3B415F2}.Debug|x64.ActiveCfg = Debug|x64
		{2A54B8F8-11A9-4B5C-B1E9-7D91C3B415F2}.Debug|x64.Build.0 = Debug|x64
		{2A54B8F8-11A9-4B5C-B1E9-7D91C3B415F2}.Debug|x86.ActiveCfg = Debug|Win32
		{2A54B8F8-11A9-4B5C-B1E9-7D91C3B415F2}.Debug|x86.Build.0 = Debug|Win32
		{2A54B8F8-11A9-4B5C-B1E9-7D91C3B415F2}.Release|Any CPU.ActiveCfg = Release|Win32
		{2A54B8F8-11A9-4B5C-B1E9-7D91C3B415F2}.Release|x64.ActiveCfg = Release|x64
		{2A54B8F8-11A9-4B5C-B1E9-7D91C3B415F2}.Release|x64.Build.0 = Release|x64
		{2A54B8F8-11A9-4B5C-B1E9-7D91C3B415F2}.Release|x86.ActiveCfg = Release|Win32
		{2A54B8F8-11A9-4B5C-B1E9-7D91C3B415F2}.Release|x86.Build.0 = Release|Win32
		{F61A5254-AF47-4D95-8AF0-9AC2BFBBB8B2}.Debug|Any CPU.ActiveCfg = Debug|Win32
		{F61A5254-AF47-4D95-8AF0-9AC2BFBBB8B2}.Debug|x64.ActiveCfg = Debug|x64
		{F61A5254-AF47-4D95-8AF0-9AC2BFBBB8B2}.Debug|x64.Build.0 = Debug|x64
		{F61A5254-AF47-4D95-8AF0-9AC2BFBBB8B2}.Debug|x86.ActiveCfg = Debug|Win32
		{F61A5254-AF47-4D95-8AF0-9AC2BFBBB8B2}.Debug|x86.Build.0 = Debug|Win32
		{F61A5254-AF47-4D95-8AF0-9AC2BFBBB8B2}.Release|Any CPU.ActiveCfg = Release|Win32
		{F61A5254-AF47-4D95-8AF0-9AC2BFBBB8B2}.Release|x64.ActiveCfg = Release|x64
		{F61A5254-AF47-4D95-8AF0-9AC2BFBBB8B2}.Release|x64.Build.0 = Release|x64
		{F61A5254-AF47-4D95-8AF0-9AC2BFBBB8B2}.Release|x86.ActiveCfg = Release|Win32
		{F61A5254-AF47-4D95-8AF0-9AC2BFBBB8B2}.Release|x86.Build.0 = Release|Win32
		{14B4701B-11FC-480C-ACC0-C80D6928FC3D}.Debug|Any CPU.ActiveCfg = Debug|Win32
		{14B4701B-11FC-480C-ACC0-C80D6928FC3D}.Debug|x64.ActiveCfg = Debug|x64
		{14B4701B-11FC-480C-ACC0-C80D6928FC3D}.Debug|x64.Build.0 = Debug|x64
		{14B4701B-11FC-480C-ACC0-C80D6928FC3D}.Debug|x86.ActiveCfg = Debug|Win32
		{14B4701B-11FC-480C-ACC0-C80D6928FC3D}.Debug|x86.Build.0 = Debug|Win32
		{14B4701B-11FC-480C-ACC0-C80D6928FC3D}.Release|Any CPU.ActiveCfg = Release|Win32
		{14B4701B-11FC-480C-ACC0-C80D6928FC3D}.Release|x64.ActiveCfg = Release|x64
		{14B4701B-11FC-480C-ACC0-C80D6928FC3D}.Release|x64.Build.0 = Release|x64
		{14B4701B-11FC-480C-ACC0-C80D6928FC3D}.Release|x86.ActiveCfg = Release|Win32
		{14B4701B-11FC-480C-ACC0-C80D6928FC3D}.Release|x86.Build.0 = Release|Win32
		{4ABDDEE6-52B9-402B-941E-CF093DE12ED5}.Debug|Any CPU.ActiveCfg = Debug|Win32
		{4ABDDEE6-52B9-402B-941E-CF093DE12ED5}.Debug|x64.ActiveCfg = Debug|x64
		{4ABDDEE6-52B9-402B-941E-CF093DE12ED5}.Debug|x64.Build.0 = Debug|x64
		{4ABDDEE6-52B9-402B-941E-CF093DE12ED5}.Debug|x86.ActiveCfg = Debug|Win32
		{4ABDDEE6-52B9-402B-941E-CF093DE12ED5}.Debug|x86.Build.0 = Debug|Win32
		{4ABDDEE6-52B9-402B-941E-CF093DE12ED5}.Release|Any CPU.ActiveCfg = Release|Win32
		{4ABDDEE6-52B9-402B-941E-CF093DE12ED5}.Release|x64.ActiveCfg = Release|x64
		{4ABDDEE6-52B9-402B-941E-CF093DE12ED5}.Release|x64.Build.0 = Release|x64
		{4ABDDEE6-52B9-402B-941E-CF093DE12ED5}.Release|x86.ActiveCfg = Release|Win32
		{4ABDDEE6-52B9-402B-941E-CF093DE12ED5}.Release|x86.Build.0 = Release|Win32
		{F85B1771-8AA8-46AB-B614-AD1F14F91FF7}.Debug|Any CPU.ActiveCfg = Debug|Win32
		{F85B1771-8AA8-46AB-B614-AD1F14F91FF7}.Debug|x64.ActiveCfg = Debug|x64
		{F85B1771-8AA8-46AB-B614-AD1F14F91FF7}.Debug|x64.Build.0 = Debug|x64
		{F85B1771-8AA8-46AB-B614-AD1F14F91FF7}.Debug|x86.ActiveCfg = Debug|Win32
		{F85B1771-8AA8-46AB-B614-AD1F14F91FF7}.Debug|x86.Build.0 = Debug|Win32
		{F85B1771-8AA8-46AB-B614-AD1F14F91FF7}.Release|Any CPU.ActiveCfg = Release|Win32
		{F85B1771-8AA8-46AB-B614-AD1F14F91FF7}.Release|x64.ActiveCfg = Release|x64
		{F85B1771-8AA8-46AB-B614-AD1F14F91FF7}.Release|x64.Build.0 = Release|x64
		{F85B1771-8AA8-46AB-B614-AD1F14F91FF7}.Release|x86.ActiveCfg = Release|Win32
		{F85B1771-8AA8-46AB-B614-AD1F14F91FF7}.Release|x86.Build.0 = Release|Win32
		{16E887AE-CF14-4C03-96E6-915F69DC822E}.Debug|Any CPU.ActiveCfg = Debug|Win32
		{16E887AE-CF14-4C03-96E6-915F69DC822E}.Debug|x64.ActiveCfg = Debug|x64
		{16E887AE-CF14-4C03-96E6-915F69DC822E}.Debug|x64.Build.0 = Debug|x64
		{16E887AE-CF14-4C03-96E6-915F69DC822E}.Debug|x86.ActiveCfg = Debug|Win32
		{16E887AE-CF14-4C03-96E6-915F69DC822E}.Debug|x86.Build.0 = Debug|Win32
		{16E887AE-CF14-4C03-96E6-915F69DC822E}.Release|Any CPU.ActiveCfg = Release|Win32
		{16E887AE-CF14-4C03-96E6-915F69DC822E}.Release|x64.ActiveCfg = Release|x64
		{16E887AE-CF14-4C03-96E6-915F69DC822E}.Release|x64.Build.0 = Release|x64
		{16E887AE-CF14-4C03-96E6-915F69DC822E}.Release|x86.ActiveCfg = Release|Win32
		{16E887AE-CF14-4C03-96E6-915F69DC822E}.Release|x86.Build.0 = Release|Win32
		{AD7281FD-CCCA-429E-B4DE-CA5570115694}.Debug|Any CPU.ActiveCfg = Debug|Win32
		{AD7281FD-CCCA-429E-B4DE-CA5570115694}.Debug|x64.ActiveCfg = Debug|x64
		{AD7281FD-CCCA-429E-B4DE-CA5570115694}.Debug|x64.Build.0 = Debug|x64
		{AD7281FD-CCCA-429E-B4DE-CA5570115694}.Debug|x86.ActiveCfg = Debug|Win32
		{AD7281FD-CCCA-429E-B4DE-CA5570115694}.Debug|x86.Build.0 = Debug|Win32
		{AD7281FD-CCCA-429E-B4DE-CA5570115694}.Release|Any CPU.ActiveCfg = Release|Win32
		{AD7281FD-CCCA-429E-B4DE-CA5570115694}.Release|x64.ActiveCfg = Release|x64
		{AD7281FD-CCCA-429E-B4DE-CA5570115694}.Release|x64.Build.0 = Release|x64
		{AD7281FD-CCCA-429E-B4DE-CA5570115694}.Release|x86.ActiveCfg = Release|Win32
		{AD7281FD-CCCA-429E-B4DE-CA5570115694}.Release|x86.Build.0 = Release|Win32
		{D028EB6C-364F-4112-B2CA-BFCA7A00B0AC}.Debug|Any CPU.ActiveCfg = Debug|Win32
		{D028EB6C-364F-4112-B2CA-BFCA7A00B0AC}.Debug|x64.ActiveCfg = Debug|x64
		{D028EB6C-364F-4112-B2CA-BFCA7A00B0AC}.Debug|x64.Build.0 = Debug|x64
		{D028EB6C-364F-4112-B2CA-BFCA7A00B0AC}.Debug|x86.ActiveCfg = Debug|Win32
		{D028EB6C-364F-4112-B2CA-BFCA7A00B0AC}.Debug|x86.Build.0 = Debug|Win32
		{D028EB6C-364F-4112-B2CA-BFCA7A00B0AC}.Release|Any CPU.ActiveCfg = Release|Win32
		{D028EB6C-364F-4112-B2CA-BFCA7A00B0AC}.Release|x64.ActiveCfg = Release|x64
		{D028EB6C-364F-4112-B2CA-BFCA7A00B0AC}.Release|x64.Build.0 = Release|x64
		{D028EB6C-364F-4112-B2CA-BFCA7A00B0AC}.Release|x86.ActiveCfg = Release|Win32
		{D028EB6C-364F-4112-B2CA-BFCA7A00B0AC}.Release|x86.Build.0 = Release|Win32
		{EEE9ACDE-A0EE-4F3A-832C-4C6929AAE017}.Debug|Any CPU.ActiveCfg = Debug|Win32
		{EEE9ACDE-A0EE-4F3A-832C-4C6929AAE017}.Debug|x64.ActiveCfg = Debug|x64
		{EEE9ACDE-A0EE-4F3A-832C-4C6929AAE017}.Debug|x64.Build.0 = Debug|x64
		{EEE9ACDE-A0EE-4F3A-832C-4C6929AAE017}.Debug|x86.ActiveCfg = Debug|Win32
		{EEE9ACDE-A0EE-4F3A-832C-4C6929AAE017}.Debug|x86.Build.0 = Debug|Win32
		{EEE9ACDE-A0EE-4F3A-832C-4C6929AAE017}.Release|Any CPU.ActiveCfg = Release|Win32
		{EEE9ACDE-A0EE-4F3A-832C-4C6929AAE017}.Release|x64.ActiveCfg = Release|x64
		{EEE9ACDE-A0EE-4F3A-832C-4C6929AAE017}.Release|x64.Build.0 = Release|x64
		{EEE9ACDE-A0EE-4F3A-832C-4C6929AAE017}.Release|x86.ActiveCfg = Release|Win32
		{EEE9ACDE-A0EE-4F3A-832C-4C6929AAE017}.Release|x86.Build.0 = Release|Win32
		{C80088AD-9D41-450E-ADC6-645946CFEEB0}.Debug|Any CPU.ActiveCfg = Debug|Win32
		{C80088AD-9D41-450E-ADC6-645946CFEEB0}.Debug|x64.ActiveCfg = Debug|x64
		{C80088AD-9D41-450E-ADC6-645946CFEEB0}.Debug|x64.Build.0 = Debug|x64
		{C80088AD-9D41-450E-ADC6-645946CFEEB0}.Debug|x86.ActiveCfg = Debug|Win32
		{C80088AD-9D41-450E-ADC6-645946CFEEB0}.Debug|x86.Build.0 = Debug|Win32
		{C80088AD-9D41-450E-ADC6-645946CFEEB0}.Release|Any CPU.ActiveCfg = Release|Win32
		{C80088AD-9D41-450E-ADC6-645946CFEEB0}.Release|x64.ActiveCfg = Release|x64
		{C80088AD-9D41-450E-ADC6-645946CFEEB0}.Release|x64.Build.0 = Release|x64
		{C80088AD-9D41-450E-ADC6-645946CFEEB0}.Release|x86.ActiveCfg = Release|Win32
		{C80088AD-9D41-450E-ADC6-645946CFEEB0}.Release|x86.Build.0 = Release|Win32
		{489A29A8-EBB0-4053-B50E-A16499E41137}.Debug|Any CPU.ActiveCfg = Debug|Win32
		{489A29A8-EBB0-4053-B50E-A16499E41137}.Debug|x64.ActiveCfg = Debug|x64
		{489A29A8-EBB0-4053-B50E-A16499E41137}.Debug|x64.Build.0 = Debug|x64
		{489A29A8-EBB0-4053-B50E-A16499E41137}.Debug|x86.ActiveCfg = Debug|Win32
		{489A29A8-EBB0-4053-B50E-A16499E41137}.Debug|x86.Build.0 = Debug|Win32
		{489A29A8-EBB0-4053-B50E-A16499E41137}.Release|Any CPU.ActiveCfg = Release|Win32
		{489A29A8-EBB0-4053-B50E-A16499E41137}.Release|x64.ActiveCfg = Release|x64
		{489A29A8-EBB0-4053-B50E-A16499E41137}.Release|x64.Build.0 = Release|x64
		{489A29A8-EBB0-4053-B50E-A16499E41137}.Release|x86.ActiveCfg = Release|Win32
		{489A29A8-EBB0-4053-B50E-A16499E41137}.Release|x86.Build.0 = Release|Win32
		{82118039-7A6B-465B-B249-AF3A8E51286A}.Debug|Any CPU.ActiveCfg = Debug|Win32
		{82118039-7A6B-465B-B249-AF3A8E51286A}.Debug|x64.ActiveCfg = Debug|x64
		{82118039-7A6B-465B-B249-AF3A8E51286A}.Debug|x64.Build.0 = Debug|x64
		{82118039-7A6B-465B-B249-AF3A8E51286A}.Debug|x86.ActiveCfg = Debug|Win32
		{82118039-7A6B-465B-B249-AF3A8E51286A}.Debug|x86.Build.0 = Debug|Win32
		{82118039-7A6B-465B-B249-AF3A8E51286A}.Release|Any CPU.ActiveCfg = Release|Win32
		{82118039-7A6B-465B-B249-AF3A8E51286A}.Release|x64.ActiveCfg = Release|x64
		{82118039-7A6B-465B-B249-AF3A8E51286A}.Release|x64.Build.0 = Release|x64
		{82118039-7A6B-465B-B249-AF3A8E51286A}.Release|x86.ActiveCfg = Release|Win32
		{82118039-7A6B-465B-B249-AF3A8E51286A}.Release|x86.Build.0 = Release|Win32
		{A587458B-8483-40B2-BAFB-B80C7032690F}.Debug|Any CPU.ActiveCfg = Debug|Win32
		{A587458B-8483-40B2-BAFB-B80C7032690F}.Debug|x64.ActiveCfg = Debug|x64
		{A587458B-8483-40B2-BAFB-B80C7032690F}.Debug|x64.Build.0 = Debug|x64
		{A587458B-8483-40B2-BAFB-B80C7032690F}.Debug|x86.ActiveCfg = Debug|Win32
		{A587458B-8483-40B2-BAFB-B80C7032690F}.Debug|x86.Build.0 = Debug|Win32
		{A587458B-8483-40B2-BAFB-B80C7032690F}.Release|Any CPU.ActiveCfg = Release|Win32
		{A587458B-8483-40B2-BAFB-B80C7032690F}.Release|x64.ActiveCfg = Release|x64
		{A587458B-8483-40B2-BAFB-B80C7032690F}.Release|x64.Build.0 = Release|x64
		{A587458B-8483-40B2-BAFB-B80C7032690F}.Release|x86.ActiveCfg = Release|Win32
		{A587458B-8483-40B2-BAFB-B80C7032690F}.Release|x86.Build.0 = Release|Win32
		{0C76AB39-052D-48E8-BCFE-C208EF749CDC}.Debug|Any CPU.ActiveCfg = Debug|Win32
		{0C76AB39-052D-48E8-BCFE-C208EF749CDC}.Debug|x64.ActiveCfg = Debug|x64
		{0C76AB39-052D-48E8-BCFE-C208EF749CDC}.Debug|x64.Build.0 = Debug|x64
		{0C76AB39-052D-48E8-BCFE-C208EF749CDC}.Debug|x86.ActiveCfg = Debug|Win32
		{0C76AB39-052D-48E8-BCFE-C208EF749CDC}.Debug|x86.Build.0 = Debug|Win32
		{0C76AB39-052D-48E8-BCFE-C208EF749CDC}.Release|Any CPU.ActiveCfg = Release|Win32
		{0C76AB39-052D-48E8-BCFE-C208EF749CDC}.Release|x64.ActiveCfg = Release|x64
		{0C76AB39-052D-48E8-BCFE-C208EF749CDC}.Release|x64.Build.0 = Release|x64
		{0C76AB39-052D-48E8-BCFE-C208EF749CDC}.Release|x86.ActiveCfg = Release|Win32
		{0C76AB39-052D-48E8-BCFE-C208EF749CDC}.Release|x86.Build.0 = Release|Win32
		{188C19E4-26F1-4689-AE90-C533899A038C}.Debug|Any CPU.ActiveCfg = Debug|Win32
		{188C19E4-26F1-4689-AE90-C533899A038C}.Debug|x64.ActiveCfg = Debug|x64
		{188C19E4-26F1-4689-AE90-C533899A038C}.Debug|x64.Build.0 = Debug|x64
		{188C19E4-26F1-4689-AE90-C533899A038C}.Debug|x86.ActiveCfg = Debug|Win32
		{188C19E4-26F1-4689-AE90-C533899A038C}.Debug|x86.Build.0 = Debug|Win32
		{188C19E4-26F1-4689-AE90-C533899A038C}.Release|Any CPU.ActiveCfg = Release|Win32
		{188C19E4-26F1-4689-AE90-C533899A038C}.Release|x64.ActiveCfg = Release|x64
		{188C19E4-26F1-4689-AE90-C533899A038C}.Release|x64.Build.0 = Release|x64
		{188C19E4-26F1-4689-AE90-C533899A038C}.Release|x86.ActiveCfg = Release|Win32
		{188C19E4-26F1-4689-AE90-C533899A038C}.Release|x86.Build.0 = Release|Win32
		{01C9054B-26EC-4A62-BB7D-7C15195982B7}.Debug|Any CPU.ActiveCfg = Debug|Win32
		{01C9054B-26EC-4A62-BB7D-7C15195982B7}.Debug|x64.ActiveCfg = Debug|x64
		{01C9054B-26EC-4A62-BB7D-7C15195982B7}.Debug|x64.Build.0 = Debug|x64
		{01C9054B-26EC-4A62-BB7D-7C15195982B7}.Debug|x86.ActiveCfg = Debug|Win32
		{01C9054B-26EC-4A62-BB7D-7C15195982B7}.Debug|x86.Build.0 = Debug|Win32
		{01C9054B-26EC-4A62-BB7D-7C15195982B7}.Release|Any CPU.ActiveCfg = Release|Win32
		{01C9054B-26EC-4A62-BB7D-7C15195982B7}.Release|x64.ActiveCfg = Release|x64
		{01C9054B-26EC-4A62-BB7D-7C15195982B7}.Release|x64.Build.0 = Release|x64
		{01C9054B-26EC-4A62-BB7D-7C15195982B7}.Release|x86.ActiveCfg = Release|Win32
		{01C9054B-26EC-4A62-BB7D-7C15195982B7}.Release|x86.Build.0 = Release|Win32
		{CEE51978-C9AA-4261-9C56-757621C9A52B}.Debug|Any CPU.ActiveCfg = Debug|Win32
		{CEE51978-C9AA-4261-9C56-757621C9A52B}.Debug|x64.ActiveCfg = Debug|x64
		{CEE51978-C9AA-4261-9C56-757621C9A52B}.Debug|x64.Build.0 = Debug|x64
		{CEE51978-C9AA-4261-9C56-757621C9A52B}.Debug|x86.ActiveCfg = Debug|Win32
		{CEE51978-C9AA-4261-9C56-757621C9A52B}.Debug|x86.Build.0 = Debug|Win32
		{CEE51978-C9AA-4261-9C56-757621C9A52B}.Release|Any CPU.ActiveCfg = Release|Win32
		{CEE51978-C9AA-4261-9C56-757621C9A52B}.Release|x64.ActiveCfg = Release|x64
		{CEE51978-C9AA-4261-9C56-757621C9A52B}.Release|x64.Build.0 = Release|x64
		{CEE51978-C9AA-4261-9C56-757621C9A52B}.Release|x86.ActiveCfg = Release|Win32
		{CEE51978-C9AA-4261-9C56-757621C9A52B}.Release|x86.Build.0 = Release|Win32
		{D8B22F51-BD8E-430E-9F33-72BBB48195B9}.Debug|Any CPU.ActiveCfg = Debug|Win32
		{D8B22F51-BD8E-430E-9F33-72BBB48195B9}.Debug|x64.ActiveCfg = Debug|x64
		{D8B22F51-BD8E-430E-9F33-72BBB48195B9}.Debug|x64.Build.0 = Debug|x64
		{D8B22F51-BD8E-430E-9F33-72BBB48195B9}.Debug|x86.ActiveCfg = Debug|Win32
		{D8B22F51-BD8E-430E-9F33-72BBB48195B9}.Debug|x86.Build.0 = Debug|Win32
		{D8B22F51-BD8E-430E-9F33-72BBB48195B9}.Release|Any CPU.ActiveCfg = Release|Win32
		{D8B22F51-BD8E-430E-9F33-72BBB48195B9}.Release|x64.ActiveCfg = Release|x64
		{D8B22F51-BD8E-430E-9F33-72BBB48195B9}.Release|x64.Build.0 = Release|x64
		{D8B22F51-BD8E-430E-9F33-72BBB48195B9}.Release|x86.ActiveCfg = Release|Win32
		{D8B22F51-BD8E-430E-9F33-72BBB48195B9}.Release|x86.Build.0 = Release|Win32
		{4F150A30-CECB-49D1-8283-6A3F57438CF5}.Debug|Any CPU.ActiveCfg = Debug|Win32
		{4F150A30-CECB-49D1-8283-6A3F57438CF5}.Debug|x64.ActiveCfg = Debug|x64
		{4F150A30-CECB-49D1-8283-6A3F57438CF5}.Debug|x64.Build.0 = Debug|x64
		{4F150A30-CECB-49D1-8283-6A3F57438CF5}.Debug|x86.ActiveCfg = Debug|Win32
		{4F150A30-CECB-49D1-8283-6A3F57438CF5}.Debug|x86.Build.0 = Debug|Win32
		{4F150A30-CECB-49D1-8283-6A3F57438CF5}.Release|Any CPU.ActiveCfg = Release|Win32
		{4F150A30-CECB-49D1-8283-6A3F57438CF5}.Release|x64.ActiveCfg = Release|x64
		{4F150A30-CECB-49D1-8283-6A3F57438CF5}.Release|x64.Build.0 = Release|x64
		{4F150A30-CECB-49D1-8283-6A3F57438CF5}.Release|x86.ActiveCfg = Release|Win32
		{4F150A30-CECB-49D1-8283-6A3F57438CF5}.Release|x86.Build.0 = Release|Win32
		{AA6BEFCA-D829-47CC-B9B7-9658F369472B}.Debug|Any CPU.ActiveCfg = Debug|Win32
		{AA6BEFCA-D829-47CC-B9B7-9658F369472B}.Debug|x64.ActiveCfg = Debug|x64
		{AA6BEFCA-D829-47CC-B9B7-9658F369472B}.Debug|x64.Build.0 = Debug|x64
		{AA6BEFCA-D829-47CC-B9B7-9658F369472B}.Debug|x86.ActiveCfg = Debug|Win32
		{AA6BEFCA-D829-47CC-B9B7-9658F369472B}.Debug|x86.Build.0 = Debug|Win32
		{AA6BEFCA-D829-47CC-B9B7-9658F369472B}.Release|Any CPU.ActiveCfg = Release|Win32
		{AA6BEFCA-D829-47CC-B9B7-9658F369472B}.Release|x64.ActiveCfg = Release|x64
		{AA6BEFCA-D829-47CC-B9B7-9658F369472B}.Release|x64.Build.0 = Release|x64
		{AA6BEFCA-D829-47CC-B9B7-9658F369472B}.Release|x86.ActiveCfg = Release|Win32
		{AA6BEFCA-D829-47CC-B9B7-9658F369472B}.Release|x86.Build.0 = Release|Win32
		{4AFD0847-DBE2-41BD-A863-86175C6DE96A}.Debug|Any CPU.ActiveCfg = Debug|Win32
		{4AFD0847-DBE2-41BD-A863-86175C6DE96A}.Debug|x64.ActiveCfg = Debug|x64
		{4AFD0847-DBE2-41BD-A863-86175C6DE96A}.Debug|x64.Build.0 = Debug|x64
		{4AFD0847-DBE2-41BD-A863-86175C6DE96A}.Debug|x86.ActiveCfg = Debug|Win32
		{4AFD0847-DBE2-41BD-A863-86175C6DE96A}.Debug|x86.Build.0 = Debug|Win32
		{4AFD0847-DBE2-41BD-A863-86175C6DE96A}.Release|Any CPU.ActiveCfg = Release|Win32
		{4AFD0847-DBE2-41BD-A863-86175C6DE96A}.Release|x64.ActiveCfg = Release|x64
		{4AFD0847-DBE2-41BD-A863-86175C6DE96A}.Release|x64.Build.0 = Release|x64
		{4AFD0847-DBE2-41BD-A863-86175C6DE96A}.Release|x86.ActiveCfg = Release|Win32
		{4AFD0847-DBE2-41BD-A863-86175C6DE96A}.Release|x86.Build.0 = Release|Win32
		{A4003705-5B48-45FA-B05E-A9CDC5E38841}.Debug|Any CPU.ActiveCfg = Debug|Win32
		{A4003705-5B48-45FA-B05E-A9CDC5E38841}.Debug|x64.ActiveCfg = Debug|x64
		{A4003705-5B48-45FA-B05E-A9CDC5E38841}.Debug|x64.Build.0 = Debug|x64
		{A4003705-5B48-45FA-B05E-A9CDC5E38841}.Debug|x86.ActiveCfg = Debug|Win32
		{A4003705-5B48-45FA-B05E-A9CDC5E38841}.Debug|x86.Build.0 = Debug|Win32
		{A4003705-5B48-45FA-B05E-A9CDC5E38841}.Release|Any CPU.ActiveCfg = Release|Win32
		{A4003705-5B48-45FA-B05E-A9CDC5E38841}.Release|x64.ActiveCfg = Release|x64
		{A4003705-5B48-45FA-B05E-A9CDC5E38841}.Release|x64.Build.0 = Release|x64
		{A4003705-5B48-45FA-B05E-A9CDC5E38841}.Release|x86.ActiveCfg = Release|Win32
		{A4003705-5B48-45FA-B05E-A9CDC5E38841}.Release|x86.Build.0 = Release|Win32
		{28C5A7F2-22F5-4F9B-ACE8-4E43D4BB4462}.Debug|Any CPU.ActiveCfg = Debug|Win32
		{28C5A7F2-22F5-4F9B-ACE8-4E43D4BB4462}.Debug|x64.ActiveCfg = Debug|x64
		{28C5A7F2-22F5-4F9B-ACE8-4E43D4BB4462}.Debug|x64.Build.0 = Debug|x64
		{28C5A7F2-22F5-4F9B-ACE8-4E43D4BB4462}.Debug|x86.ActiveCfg = Debug|Win32
		{28C5A7F2-22F5-4F9B-ACE8-4E43D4BB4462}.Debug|x86.Build.0 = Debug|Win32
		{28C5A7F2-22F5-4F9B-ACE8-4E43D4BB4462}.Release|Any CPU.ActiveCfg = Release|Win32
		{28C5A7F2-22F5-4F9B-ACE8-4E43D4BB4462}.Release|x64.ActiveCfg = Release|x64
		{28C5A7F2-22F5-4F9B-ACE8-4E43D4BB4462}.Release|x64.Build.0 = Release|x64
		{28C5A7F2-22F5-4F9B-ACE8-4E43D4BB4462}.Release|x86.ActiveCfg = Release|Win32
		{28C5A7F2-22F5-4F9B-ACE8-4E43D4BB4462}.Release|x86.Build.0 = Release|Win32
		{8509FCAC-98B6-491E-880E-F85C4587B157}.Debug|Any CPU.ActiveCfg = Debug|Any CPU
		{8509FCAC-98B6-491E-880E-F85C4587B157}.Debug|Any CPU.Build.0 = Debug|Any CPU
		{8509FCAC-98B6-491E-880E-F85C4587B157}.Debug|x64.ActiveCfg = Debug|Any CPU
		{8509FCAC-98B6-491E-880E-F85C4587B157}.Debug|x64.Build.0 = Debug|Any CPU
		{8509FCAC-98B6-491E-880E-F85C4587B157}.Debug|x86.ActiveCfg = Debug|Any CPU
		{8509FCAC-98B6-491E-880E-F85C4587B157}.Debug|x86.Build.0 = Debug|Any CPU
		{8509FCAC-98B6-491E-880E-F85C4587B157}.Release|Any CPU.ActiveCfg = Release|Any CPU
		{8509FCAC-98B6-491E-880E-F85C4587B157}.Release|Any CPU.Build.0 = Release|Any CPU
		{8509FCAC-98B6-491E-880E-F85C4587B157}.Release|x64.ActiveCfg = Release|Any CPU
		{8509FCAC-98B6-491E-880E-F85C4587B157}.Release|x64.Build.0 = Release|Any CPU
		{8509FCAC-98B6-491E-880E-F85C4587B157}.Release|x86.ActiveCfg = Release|Any CPU
		{8509FCAC-98B6-491E-880E-F85C4587B157}.Release|x86.Build.0 = Release|Any CPU
		{F91040BD-42D3-4503-8188-533C69C51E82}.Debug|Any CPU.ActiveCfg = Debug|Win32
		{F91040BD-42D3-4503-8188-533C69C51E82}.Debug|x64.ActiveCfg = Debug|x64
		{F91040BD-42D3-4503-8188-533C69C51E82}.Debug|x64.Build.0 = Debug|x64
		{F91040BD-42D3-4503-8188-533C69C51E82}.Debug|x86.ActiveCfg = Debug|Win32
		{F91040BD-42D3-4503-8188-533C69C51E82}.Debug|x86.Build.0 = Debug|Win32
		{F91040BD-42D3-4503-8188-533C69C51E82}.Release|Any CPU.ActiveCfg = Release|Win32
		{F91040BD-42D3-4503-8188-533C69C51E82}.Release|x64.ActiveCfg = Release|x64
		{F91040BD-42D3-4503-8188-533C69C51E82}.Release|x64.Build.0 = Release|x64
		{F91040BD-42D3-4503-8188-533C69C51E82}.Release|x86.ActiveCfg = Release|Win32
		{F91040BD-42D3-4503-8188-533C69C51E82}.Release|x86.Build.0 = Release|Win32
		{A6D31601-EA56-4104-B95E-549E0A178C53}.Debug|Any CPU.ActiveCfg = Debug|Win32
		{A6D31601-EA56-4104-B95E-549E0A178C53}.Debug|x64.ActiveCfg = Debug|x64
		{A6D31601-EA56-4104-B95E-549E0A178C53}.Debug|x64.Build.0 = Debug|x64
		{A6D31601-EA56-4104-B95E-549E0A178C53}.Debug|x86.ActiveCfg = Debug|Win32
		{A6D31601-EA56-4104-B95E-549E0A178C53}.Debug|x86.Build.0 = Debug|Win32
		{A6D31601-EA56-4104-B95E-549E0A178C53}.Release|Any CPU.ActiveCfg = Release|Win32
		{A6D31601-EA56-4104-B95E-549E0A178C53}.Release|x64.ActiveCfg = Release|x64
		{A6D31601-EA56-4104-B95E-549E0A178C53}.Release|x64.Build.0 = Release|x64
		{A6D31601-EA56-4104-B95E-549E0A178C53}.Release|x86.ActiveCfg = Release|Win32
		{A6D31601-EA56-4104-B95E-549E0A178C53}.Release|x86.Build.0 = Release|Win32
		{251F4762-0099-4BD4-A48E-E084BD9AE516}.Debug|Any CPU.ActiveCfg = Debug|Win32
		{251F4762-0099-4BD4-A48E-E084BD9AE516}.Debug|x64.ActiveCfg = Debug|x64
		{251F4762-0099-4BD4-A48E-E084BD9AE516}.Debug|x64.Build.0 = Debug|x64
		{251F4762-0099-4BD4-A48E-E084BD9AE516}.Debug|x86.ActiveCfg = Debug|Win32
		{251F4762-0099-4BD4-A48E-E084BD9AE516}.Debug|x86.Build.0 = Debug|Win32
		{251F4762-0099-4BD4-A48E-E084BD9AE516}.Release|Any CPU.ActiveCfg = Release|Win32
		{251F4762-0099-4BD4-A48E-E084BD9AE516}.Release|x64.ActiveCfg = Release|x64
		{251F4762-0099-4BD4-A48E-E084BD9AE516}.Release|x64.Build.0 = Release|x64
		{251F4762-0099-4BD4-A48E-E084BD9AE516}.Release|x86.ActiveCfg = Release|Win32
		{251F4762-0099-4BD4-A48E-E084BD9AE516}.Release|x86.Build.0 = Release|Win32
		{CCD35A20-D5FD-4CCC-A325-0343439C2E89}.Debug|Any CPU.ActiveCfg = Debug|Win32
		{CCD35A20-D5FD-4CCC-A325-0343439C2E89}.Debug|x64.ActiveCfg = Debug|x64
		{CCD35A20-D5FD-4CCC-A325-0343439C2E89}.Debug|x64.Build.0 = Debug|x64
		{CCD35A20-D5FD-4CCC-A325-0343439C2E89}.Debug|x86.ActiveCfg = Debug|Win32
		{CCD35A20-D5FD-4CCC-A325-0343439C2E89}.Debug|x86.Build.0 = Debug|Win32
		{CCD35A20-D5FD-4CCC-A325-0343439C2E89}.Release|Any CPU.ActiveCfg = Release|Win32
		{CCD35A20-D5FD-4CCC-A325-0343439C2E89}.Release|x64.ActiveCfg = Release|x64
		{CCD35A20-D5FD-4CCC-A325-0343439C2E89}.Release|x64.Build.0 = Release|x64
		{CCD35A20-D5FD-4CCC-A325-0343439C2E89}.Release|x86.ActiveCfg = Release|Win32
		{CCD35A20-D5FD-4CCC-A325-0343439C2E89}.Release|x86.Build.0 = Release|Win32
		{C16828C4-606D-4A6E-9354-EF16EF868F68}.Debug|Any CPU.ActiveCfg = Debug|Win32
		{C16828C4-606D-4A6E-9354-EF16EF868F68}.Debug|x64.ActiveCfg = Debug|x64
		{C16828C4-606D-4A6E-9354-EF16EF868F68}.Debug|x64.Build.0 = Debug|x64
		{C16828C4-606D-4A6E-9354-EF16EF868F68}.Debug|x86.ActiveCfg = Debug|Win32
		{C16828C4-606D-4A6E-9354-EF16EF868F68}.Debug|x86.Build.0 = Debug|Win32
		{C16828C4-606D-4A6E-9354-EF16EF868F68}.Release|Any CPU.ActiveCfg = Release|Win32
		{C16828C4-606D-4A6E-9354-EF16EF868F68}.Release|x64.ActiveCfg = Release|x64
		{C16828C4-606D-4A6E-9354-EF16EF868F68}.Release|x64.Build.0 = Release|x64
		{C16828C4-606D-4A6E-9354-EF16EF868F68}.Release|x86.ActiveCfg = Release|Win32
		{C16828C4-606D-4A6E-9354-EF16EF868F68}.Release|x86.Build.0 = Release|Win32
		{CF805932-9B67-47C2-85B8-AAFC49112892}.Debug|Any CPU.ActiveCfg = Debug|Win32
		{CF805932-9B67-47C2-85B8-AAFC49112892}.Debug|x64.ActiveCfg = Debug|x64
		{CF805932-9B67-47C2-85B8-AAFC49112892}.Debug|x64.Build.0 = Debug|x64
		{CF805932-9B67-47C2-85B8-AAFC49112892}.Debug|x86.ActiveCfg = Debug|Win32
		{CF805932-9B67-47C2-85B8-AAFC49112892}.Debug|x86.Build.0 = Debug|Win32
		{CF805932-9B67-47C2-85B8-AAFC49112892}.Release|Any CPU.ActiveCfg = Release|Win32
		{CF805932-9B67-47C2-85B8-AAFC49112892}.Release|x64.ActiveCfg = Release|x64
		{CF805932-9B67-47C2-85B8-AAFC49112892}.Release|x64.Build.0 = Release|x64
		{CF805932-9B67-47C2-85B8-AAFC49112892}.Release|x86.ActiveCfg = Release|Win32
		{CF805932-9B67-47C2-85B8-AAFC49112892}.Release|x86.Build.0 = Release|Win32
		{8FD85603-91CC-49C5-AD1F-87E986327F5A}.Debug|Any CPU.ActiveCfg = Debug|Win32
		{8FD85603-91CC-49C5-AD1F-87E986327F5A}.Debug|x64.ActiveCfg = Debug|x64
		{8FD85603-91CC-49C5-AD1F-87E986327F5A}.Debug|x64.Build.0 = Debug|x64
		{8FD85603-91CC-49C5-AD1F-87E986327F5A}.Debug|x86.ActiveCfg = Debug|Win32
		{8FD85603-91CC-49C5-AD1F-87E986327F5A}.Debug|x86.Build.0 = Debug|Win32
		{8FD85603-91CC-49C5-AD1F-87E986327F5A}.Release|Any CPU.ActiveCfg = Release|Win32
		{8FD85603-91CC-49C5-AD1F-87E986327F5A}.Release|x64.ActiveCfg = Release|x64
		{8FD85603-91CC-49C5-AD1F-87E986327F5A}.Release|x64.Build.0 = Release|x64
		{8FD85603-91CC-49C5-AD1F-87E986327F5A}.Release|x86.ActiveCfg = Release|Win32
		{8FD85603-91CC-49C5-AD1F-87E986327F5A}.Release|x86.Build.0 = Release|Win32
		{71D2EEF9-E771-4DBF-81E5-ADF091628EB2}.Debug|Any CPU.ActiveCfg = Debug|Win32
		{71D2EEF9-E771-4DBF-81E5-ADF091628EB2}.Debug|x64.ActiveCfg = Debug|x64
		{71D2EEF9-E771-4DBF-81E5-ADF091628EB2}.Debug|x64.Build.0 = Debug|x64
		{71D2EEF9-E771-4DBF-81E5-ADF091628EB2}.Debug|x86.ActiveCfg = Debug|Win32
		{71D2EEF9-E771-4DBF-81E5-ADF091628EB2}.Debug|x86.Build.0 = Debug|Win32
		{71D2EEF9-E771-4DBF-81E5-ADF091628EB2}.Release|Any CPU.ActiveCfg = Release|Win32
		{71D2EEF9-E771-4DBF-81E5-ADF091628EB2}.Release|x64.ActiveCfg = Release|x64
		{71D2EEF9-E771-4DBF-81E5-ADF091628EB2}.Release|x64.Build.0 = Release|x64
		{71D2EEF9-E771-4DBF-81E5-ADF091628EB2}.Release|x86.ActiveCfg = Release|Win32
		{71D2EEF9-E771-4DBF-81E5-ADF091628EB2}.Release|x86.Build.0 = Release|Win32
		{58792DE7-85B3-4086-9235-11F1DF0FE440}.Debug|Any CPU.ActiveCfg = Debug|Win32
		{58792DE7-85B3-4086-9235-11F1DF0FE440}.Debug|x64.ActiveCfg = Debug|x64
		{58792DE7-85B3-4086-9235-11F1DF0FE440}.Debug|x64.Build.0 = Debug|x64
		{58792DE7-85B3-4086-9235-11F1DF0FE440}.Debug|x86.ActiveCfg = Debug|Win32
		{58792DE7-85B3-4086-9235-11F1DF0FE440}.Debug|x86.Build.0 = Debug|Win32
		{58792DE7-85B3-4086-9235-11F1DF0FE440}.Release|Any CPU.ActiveCfg = Release|Win32
		{58792DE7-85B3-4086-9235-11F1DF0FE440}.Release|x64.ActiveCfg = Release|x64
		{58792DE7-85B3-4086-9235-11F1DF0FE440}.Release|x64.Build.0 = Release|x64
		{58792DE7-85B3-4086-9235-11F1DF0FE440}.Release|x86.ActiveCfg = Release|Win32
		{58792DE7-85B3-4086-9235-11F1DF0FE440}.Release|x86.Build.0 = Release|Win32
		{02DEEFE6-159C-4581-AD9C-4C1874EB0C7C}.Debug|Any CPU.ActiveCfg = Debug|Win32
		{02DEEFE6-159C-4581-AD9C-4C1874EB0C7C}.Debug|x64.ActiveCfg = Debug|x64
		{02DEEFE6-159C-4581-AD9C-4C1874EB0C7C}.Debug|x64.Build.0 = Debug|x64
		{02DEEFE6-159C-4581-AD9C-4C1874EB0C7C}.Debug|x86.ActiveCfg = Debug|Win32
		{02DEEFE6-159C-4581-AD9C-4C1874EB0C7C}.Debug|x86.Build.0 = Debug|Win32
		{02DEEFE6-159C-4581-AD9C-4C1874EB0C7C}.Release|Any CPU.ActiveCfg = Release|Win32
		{02DEEFE6-159C-4581-AD9C-4C1874EB0C7C}.Release|x64.ActiveCfg = Release|x64
		{02DEEFE6-159C-4581-AD9C-4C1874EB0C7C}.Release|x64.Build.0 = Release|x64
		{02DEEFE6-159C-4581-AD9C-4C1874EB0C7C}.Release|x86.ActiveCfg = Release|Win32
		{02DEEFE6-159C-4581-AD9C-4C1874EB0C7C}.Release|x86.Build.0 = Release|Win32
		{77033FFC-D079-4BC6-93CC-39121EF9F4BA}.Debug|Any CPU.ActiveCfg = Debug|Win32
		{77033FFC-D079-4BC6-93CC-39121EF9F4BA}.Debug|x64.ActiveCfg = Debug|x64
		{77033FFC-D079-4BC6-93CC-39121EF9F4BA}.Debug|x64.Build.0 = Debug|x64
		{77033FFC-D079-4BC6-93CC-39121EF9F4BA}.Debug|x86.ActiveCfg = Debug|Win32
		{77033FFC-D079-4BC6-93CC-39121EF9F4BA}.Debug|x86.Build.0 = Debug|Win32
		{77033FFC-D079-4BC6-93CC-39121EF9F4BA}.Release|Any CPU.ActiveCfg = Release|Win32
		{77033FFC-D079-4BC6-93CC-39121EF9F4BA}.Release|x64.ActiveCfg = Release|x64
		{77033FFC-D079-4BC6-93CC-39121EF9F4BA}.Release|x64.Build.0 = Release|x64
		{77033FFC-D079-4BC6-93CC-39121EF9F4BA}.Release|x86.ActiveCfg = Release|Win32
		{77033FFC-D079-4BC6-93CC-39121EF9F4BA}.Release|x86.Build.0 = Release|Win32
		{B9B2A111-5340-4E19-A5A9-F88A348F5CEA}.Debug|Any CPU.ActiveCfg = Debug|Win32
		{B9B2A111-5340-4E19-A5A9-F88A348F5CEA}.Debug|x64.ActiveCfg = Debug|x64
		{B9B2A111-5340-4E19-A5A9-F88A348F5CEA}.Debug|x64.Build.0 = Debug|x64
		{B9B2A111-5340-4E19-A5A9-F88A348F5CEA}.Debug|x86.ActiveCfg = Debug|Win32
		{B9B2A111-5340-4E19-A5A9-F88A348F5CEA}.Debug|x86.Build.0 = Debug|Win32
		{B9B2A111-5340-4E19-A5A9-F88A348F5CEA}.Release|Any CPU.ActiveCfg = Release|Win32
		{B9B2A111-5340-4E19-A5A9-F88A348F5CEA}.Release|x64.ActiveCfg = Release|x64
		{B9B2A111-5340-4E19-A5A9-F88A348F5CEA}.Release|x64.Build.0 = Release|x64
		{B9B2A111-5340-4E19-A5A9-F88A348F5CEA}.Release|x86.ActiveCfg = Release|Win32
		{B9B2A111-5340-4E19-A5A9-F88A348F5CEA}.Release|x86.Build.0 = Release|Win32
		{E0C06938-7F39-42EA-9219-BCC843C7DE03}.Debug|Any CPU.ActiveCfg = Debug|Win32
		{E0C06938-7F39-42EA-9219-BCC843C7DE03}.Debug|x64.ActiveCfg = Debug|x64
		{E0C06938-7F39-42EA-9219-BCC843C7DE03}.Debug|x64.Build.0 = Debug|x64
		{E0C06938-7F39-42EA-9219-BCC843C7DE03}.Debug|x86.ActiveCfg = Debug|Win32
		{E0C06938-7F39-42EA-9219-BCC843C7DE03}.Debug|x86.Build.0 = Debug|Win32
		{E0C06938-7F39-42EA-9219-BCC843C7DE03}.Release|Any CPU.ActiveCfg = Release|Win32
		{E0C06938-7F39-42EA-9219-BCC843C7DE03}.Release|x64.ActiveCfg = Release|x64
		{E0C06938-7F39-42EA-9219-BCC843C7DE03}.Release|x64.Build.0 = Release|x64
		{E0C06938-7F39-42EA-9219-BCC843C7DE03}.Release|x86.ActiveCfg = Release|Win32
		{E0C06938-7F39-42EA-9219-BCC843C7DE03}.Release|x86.Build.0 = Release|Win32
		{C4DDAD51-31F0-4D7C-AA8A-A3929BFB2DE5}.Debug|Any CPU.ActiveCfg = Debug|Win32
		{C4DDAD51-31F0-4D7C-AA8A-A3929BFB2DE5}.Debug|x64.ActiveCfg = Debug|x64
		{C4DDAD51-31F0-4D7C-AA8A-A3929BFB2DE5}.Debug|x64.Build.0 = Debug|x64
		{C4DDAD51-31F0-4D7C-AA8A-A3929BFB2DE5}.Debug|x86.ActiveCfg = Debug|Win32
		{C4DDAD51-31F0-4D7C-AA8A-A3929BFB2DE5}.Debug|x86.Build.0 = Debug|Win32
		{C4DDAD51-31F0-4D7C-AA8A-A3929BFB2DE5}.Release|Any CPU.ActiveCfg = Release|Win32
		{C4DDAD51-31F0-4D7C-AA8A-A3929BFB2DE5}.Release|x64.ActiveCfg = Release|x64
		{C4DDAD51-31F0-4D7C-AA8A-A3929BFB2DE5}.Release|x64.Build.0 = Release|x64
		{C4DDAD51-31F0-4D7C-AA8A-A3929BFB2DE5}.Release|x86.ActiveCfg = Release|Win32
		{C4DDAD51-31F0-4D7C-AA8A-A3929BFB2DE5}.Release|x86.Build.0 = Release|Win32
		{25A7AAED-267D-476A-B9D0-5BF09B987485}.Debug|Any CPU.ActiveCfg = Debug|Win32
		{25A7AAED-267D-476A-B9D0-5BF09B987485}.Debug|x64.ActiveCfg = Debug|x64
		{25A7AAED-267D-476A-B9D0-5BF09B987485}.Debug|x64.Build.0 = Debug|x64
		{25A7AAED-267D-476A-B9D0-5BF09B987485}.Debug|x86.ActiveCfg = Debug|Win32
		{25A7AAED-267D-476A-B9D0-5BF09B987485}.Debug|x86.Build.0 = Debug|Win32
		{25A7AAED-267D-476A-B9D0-5BF09B987485}.Release|Any CPU.ActiveCfg = Release|Win32
		{25A7AAED-267D-476A-B9D0-5BF09B987485}.Release|x64.ActiveCfg = Release|x64
		{25A7AAED-267D-476A-B9D0-5BF09B987485}.Release|x64.Build.0 = Release|x64
		{25A7AAED-267D-476A-B9D0-5BF09B987485}.Release|x86.ActiveCfg = Release|Win32
		{25A7AAED-267D-476A-B9D0-5BF09B987485}.Release|x86.Build.0 = Release|Win32
	EndGlobalSection
	GlobalSection(SolutionProperties) = preSolution
		HideSolutionNode = FALSE
	EndGlobalSection
	GlobalSection(NestedProjects) = preSolution
		{F17F7FF1-3E83-4CF6-B66C-5320DC6481ED} = {AD2844D6-FF21-4F11-BE79-A3F6E6DA430B}
		{528A854A-8248-4766-8C67-84E888F5DAE3} = {AD2844D6-FF21-4F11-BE79-A3F6E6DA430B}
		{22CA3AF4-6823-4435-8627-992AF2521482} = {189FD165-CF86-475A-9BAC-8ED20B108604}
		{05527ABB-0207-4E72-9612-13BB5751815E} = {6400E91E-CEE6-43E7-8DCF-5FD02BB42768}
		{A6E86703-63F7-4873-8A3D-49595E34DE37} = {AD2844D6-FF21-4F11-BE79-A3F6E6DA430B}
		{009871CE-F187-4C93-9D4D-4ABDCC527B0A} = {6400E91E-CEE6-43E7-8DCF-5FD02BB42768}
		{422B1DF4-F1A4-4C64-BCDB-3F1BAAAAA768} = {AD2844D6-FF21-4F11-BE79-A3F6E6DA430B}
		{BEF1BE5E-2FF4-4D5F-A3FF-CE8309B56950} = {6400E91E-CEE6-43E7-8DCF-5FD02BB42768}
		{FE5206AC-8EEE-4666-8E47-1D84C76AF5B4} = {6400E91E-CEE6-43E7-8DCF-5FD02BB42768}
		{E0B52AE7-E160-4D32-BF3F-910B785E5A8E} = {3F76B569-17DF-4708-94DE-AFC68A362BB5}
		{130E9043-6471-4115-A847-DFFFF2EB5D2A} = {6400E91E-CEE6-43E7-8DCF-5FD02BB42768}
		{37FE13AD-4E25-4B3C-B82A-DFB8E2F25139} = {6400E91E-CEE6-43E7-8DCF-5FD02BB42768}
		{097DD213-178E-48D9-AD31-26F855322285} = {6400E91E-CEE6-43E7-8DCF-5FD02BB42768}
		{A877D25A-73AB-4B84-ACA4-931A9B9DA709} = {6400E91E-CEE6-43E7-8DCF-5FD02BB42768}
		{FDFC7FCB-F1BA-4CC9-BA8C-74589AC617AD} = {9BCF5504-1428-4E6F-B67E-5ADE7151BC79}
		{09BC802E-DC86-4DE6-8EB1-8F4F91DDD71C} = {EABAC8B5-3A4D-405A-A2BC-F0F4709952E3}
		{D448D350-6995-4994-82E2-E7D267959851} = {EABAC8B5-3A4D-405A-A2BC-F0F4709952E3}
		{3BC6FC7E-38AD-4166-A011-5FA8870C81E5} = {E2AD3ECF-04E1-4E8F-8513-5B5975E01A72}
		{2CC6D160-13B7-4115-9290-7BF1E682A4CA} = {EABAC8B5-3A4D-405A-A2BC-F0F4709952E3}
		{2A54B8F8-11A9-4B5C-B1E9-7D91C3B415F2} = {3F76B569-17DF-4708-94DE-AFC68A362BB5}
		{F61A5254-AF47-4D95-8AF0-9AC2BFBBB8B2} = {9BCF5504-1428-4E6F-B67E-5ADE7151BC79}
		{14B4701B-11FC-480C-ACC0-C80D6928FC3D} = {9BCF5504-1428-4E6F-B67E-5ADE7151BC79}
		{4ABDDEE6-52B9-402B-941E-CF093DE12ED5} = {9BCF5504-1428-4E6F-B67E-5ADE7151BC79}
		{F85B1771-8AA8-46AB-B614-AD1F14F91FF7} = {EABAC8B5-3A4D-405A-A2BC-F0F4709952E3}
		{16E887AE-CF14-4C03-96E6-915F69DC822E} = {0DDFC42F-DBEB-48BF-9DE9-DA346E87EC01}
		{AD7281FD-CCCA-429E-B4DE-CA5570115694} = {EABAC8B5-3A4D-405A-A2BC-F0F4709952E3}
		{D028EB6C-364F-4112-B2CA-BFCA7A00B0AC} = {C91F4C59-77D0-48BD-9DD7-8DDE6C49A797}
		{EEE9ACDE-A0EE-4F3A-832C-4C6929AAE017} = {AD2844D6-FF21-4F11-BE79-A3F6E6DA430B}
		{C80088AD-9D41-450E-ADC6-645946CFEEB0} = {C91F4C59-77D0-48BD-9DD7-8DDE6C49A797}
		{489A29A8-EBB0-4053-B50E-A16499E41137} = {C91F4C59-77D0-48BD-9DD7-8DDE6C49A797}
		{82118039-7A6B-465B-B249-AF3A8E51286A} = {C91F4C59-77D0-48BD-9DD7-8DDE6C49A797}
		{A587458B-8483-40B2-BAFB-B80C7032690F} = {0DDFC42F-DBEB-48BF-9DE9-DA346E87EC01}
		{0C76AB39-052D-48E8-BCFE-C208EF749CDC} = {C91F4C59-77D0-48BD-9DD7-8DDE6C49A797}
		{188C19E4-26F1-4689-AE90-C533899A038C} = {0DDFC42F-DBEB-48BF-9DE9-DA346E87EC01}
		{01C9054B-26EC-4A62-BB7D-7C15195982B7} = {C91F4C59-77D0-48BD-9DD7-8DDE6C49A797}
		{CEE51978-C9AA-4261-9C56-757621C9A52B} = {AD2844D6-FF21-4F11-BE79-A3F6E6DA430B}
		{D8B22F51-BD8E-430E-9F33-72BBB48195B9} = {C91F4C59-77D0-48BD-9DD7-8DDE6C49A797}
		{4F150A30-CECB-49D1-8283-6A3F57438CF5} = {3F76B569-17DF-4708-94DE-AFC68A362BB5}
		{AA6BEFCA-D829-47CC-B9B7-9658F369472B} = {EABAC8B5-3A4D-405A-A2BC-F0F4709952E3}
		{4AFD0847-DBE2-41BD-A863-86175C6DE96A} = {0DDFC42F-DBEB-48BF-9DE9-DA346E87EC01}
		{A4003705-5B48-45FA-B05E-A9CDC5E38841} = {C91F4C59-77D0-48BD-9DD7-8DDE6C49A797}
		{28C5A7F2-22F5-4F9B-ACE8-4E43D4BB4462} = {0DDFC42F-DBEB-48BF-9DE9-DA346E87EC01}
		{8509FCAC-98B6-491E-880E-F85C4587B157} = {E2AD3ECF-04E1-4E8F-8513-5B5975E01A72}
		{F91040BD-42D3-4503-8188-533C69C51E82} = {7767EE86-E57A-4C79-A2BA-C8D94EA0C189}
		{A6D31601-EA56-4104-B95E-549E0A178C53} = {7767EE86-E57A-4C79-A2BA-C8D94EA0C189}
		{251F4762-0099-4BD4-A48E-E084BD9AE516} = {AD2844D6-FF21-4F11-BE79-A3F6E6DA430B}
		{CCD35A20-D5FD-4CCC-A325-0343439C2E89} = {A1FBDA09-C8F6-4888-9D55-10142CF0FDFA}
		{C16828C4-606D-4A6E-9354-EF16EF868F68} = {A1FBDA09-C8F6-4888-9D55-10142CF0FDFA}
		{CF805932-9B67-47C2-85B8-AAFC49112892} = {43A5B8A3-424F-4FE3-B5B7-F65416570030}
		{8FD85603-91CC-49C5-AD1F-87E986327F5A} = {A1FBDA09-C8F6-4888-9D55-10142CF0FDFA}
		{71D2EEF9-E771-4DBF-81E5-ADF091628EB2} = {7767EE86-E57A-4C79-A2BA-C8D94EA0C189}
		{58792DE7-85B3-4086-9235-11F1DF0FE440} = {7767EE86-E57A-4C79-A2BA-C8D94EA0C189}
		{02DEEFE6-159C-4581-AD9C-4C1874EB0C7C} = {3F76B569-17DF-4708-94DE-AFC68A362BB5}
		{77033FFC-D079-4BC6-93CC-39121EF9F4BA} = {A1FBDA09-C8F6-4888-9D55-10142CF0FDFA}
		{B9B2A111-5340-4E19-A5A9-F88A348F5CEA} = {A1FBDA09-C8F6-4888-9D55-10142CF0FDFA}
		{E0C06938-7F39-42EA-9219-BCC843C7DE03} = {A1FBDA09-C8F6-4888-9D55-10142CF0FDFA}
		{C4DDAD51-31F0-4D7C-AA8A-A3929BFB2DE5} = {9BCF5504-1428-4E6F-B67E-5ADE7151BC79}
		{25A7AAED-267D-476A-B9D0-5BF09B987485} = {AD2844D6-FF21-4F11-BE79-A3F6E6DA430B}
	EndGlobalSection
	GlobalSection(ExtensibilityGlobals) = postSolution
		SolutionGuid = {728B6675-690E-4EA5-855D-F1497A7F8013}
	EndGlobalSection
EndGlobal
