<?xml version="1.0" encoding="utf-8"?>
<Project ToolsVersion="4.0" xmlns="http://schemas.microsoft.com/developer/msbuild/2003">
  <ItemGroup>
    <Filter Include="Inc">
      <UniqueIdentifier>{f24fdae9-f64c-4d3a-81a3-f3b785d4f7f7}</UniqueIdentifier>
    </Filter>
    <Filter Include="Src">
      <UniqueIdentifier>{171d360c-7556-4b2c-ae10-10936c8a60bb}</UniqueIdentifier>
    </Filter>
    <Filter Include="Inc\Meta">
      <UniqueIdentifier>{531fecd5-017c-47c6-9588-74498c738588}</UniqueIdentifier>
    </Filter>
    <Filter Include="Src\Meta">
      <UniqueIdentifier>{37444054-5e78-425d-b4d2-716d54d2979a}</UniqueIdentifier>
    </Filter>
  </ItemGroup>
  <ItemGroup>
    <ClInclude Include="Inc\Common.h">
      <Filter>Inc</Filter>
    </ClInclude>
    <ClInclude Include="Src\Precompiled.h">
      <Filter>Src</Filter>
    </ClInclude>
    <ClInclude Include="Inc\Maths.h">
      <Filter>Inc</Filter>
    </ClInclude>
    <ClInclude Include="Inc\Vector3.h">
      <Filter>Inc</Filter>
    </ClInclude>
    <ClInclude Include="Inc\Matrix44.h">
      <Filter>Inc</Filter>
    </ClInclude>
    <ClInclude Include="Inc\Vector2.h">
      <Filter>Inc</Filter>
    </ClInclude>
    <ClInclude Include="Inc\Vector4.h">
      <Filter>Inc</Filter>
    </ClInclude>
    <ClInclude Include="Inc\Quaternion.h">
      <Filter>Inc</Filter>
    </ClInclude>
    <ClInclude Include="Inc\Circle.h">
      <Filter>Inc</Filter>
    </ClInclude>
    <ClInclude Include="Inc\Ray.h">
      <Filter>Inc</Filter>
    </ClInclude>
    <ClInclude Include="Inc\AABB.h">
      <Filter>Inc</Filter>
    </ClInclude>
    <ClInclude Include="Inc\Plane.h">
      <Filter>Inc</Filter>
    </ClInclude>
    <ClInclude Include="Inc\Sphere.h">
      <Filter>Inc</Filter>
    </ClInclude>
    <ClInclude Include="Inc\OBB.h">
      <Filter>Inc</Filter>
    </ClInclude>
    <ClInclude Include="Inc\LineSegment.h">
      <Filter>Inc</Filter>
    </ClInclude>
    <ClInclude Include="Inc\MetaRegistration.h">
      <Filter>Inc\Meta</Filter>
    </ClInclude>
  </ItemGroup>
  <ItemGroup>
    <ClCompile Include="Src\Precompiled.cpp">
      <Filter>Src</Filter>
    </ClCompile>
    <ClCompile Include="Src\Quaternion.cpp">
      <Filter>Src</Filter>
    </ClCompile>
    <ClCompile Include="Src\Ray.cpp">
      <Filter>Src</Filter>
    </ClCompile>
    <ClCompile Include="Src\AABB.cpp">
      <Filter>Src</Filter>
    </ClCompile>
    <ClCompile Include="Src\Plane.cpp">
      <Filter>Src</Filter>
    </ClCompile>
    <ClCompile Include="Src\LineSegment.cpp">
      <Filter>Src</Filter>
    </ClCompile>
    <ClCompile Include="Src\OBB.cpp">
      <Filter>Src</Filter>
    </ClCompile>
    <ClCompile Include="Src\MetaRegistration.cpp">
      <Filter>Src\Meta</Filter>
    </ClCompile>
  </ItemGroup>
</Project>