<?xml version="1.0" encoding="utf-8"?>
<Project ToolsVersion="4.0" xmlns="http://schemas.microsoft.com/developer/msbuild/2003">
  <ItemGroup>
    <ClCompile Include="WinMain.cpp" />
    <ClCompile Include="TestState.cpp" />
    <ClCompile Include="Metas.cpp" />
  </ItemGroup>
  <ItemGroup>
    <ClInclude Include="TestState.h" />
    <ClInclude Include="Metas.h" />
  </ItemGroup>
</Project>